{
  "version": 4,
  "terraform_version": "1.9.0",
  "serial": 322,
  "lineage": "29d325d8-b650-faee-6d31-df33eda45beb",
  "outputs": {
    "ec2_public_ip": {
      "value": "34.224.214.122",
      "type": "string"
    },
    "eks_cluster_endpoint": {
      "value": "https://354D626D122D20899EE5B3E71C856604.gr7.us-east-1.eks.amazonaws.com",
      "type": "string"
    },
    "rds_endpoint": {
      "value": "my-db.cz6ecsuycumr.us-east-1.rds.amazonaws.com:5432",
      "type": "string"
    }
  },
  "resources": [
    {
      "module": "module.ec2",
      "mode": "managed",
      "type": "aws_instance",
      "name": "ec2_instance",
      "provider": "provider[\"registry.terraform.io/hashicorp/aws\"]",
      "instances": [
        {
          "schema_version": 1,
          "attributes": {
            "ami": "ami-084568db4383264d4",
            "arn": "arn:aws:ec2:us-east-1:017820706788:instance/i-06a85153887f1f426",
            "associate_public_ip_address": true,
            "availability_zone": "us-east-1a",
            "capacity_reservation_specification": [
              {
                "capacity_reservation_preference": "open",
                "capacity_reservation_target": []
              }
            ],
            "cpu_core_count": 1,
            "cpu_options": [
              {
                "amd_sev_snp": "",
                "core_count": 1,
                "threads_per_core": 2
              }
            ],
            "cpu_threads_per_core": 2,
            "credit_specification": [
              {
                "cpu_credits": "unlimited"
              }
            ],
            "disable_api_stop": false,
            "disable_api_termination": false,
            "ebs_block_device": [],
            "ebs_optimized": false,
            "enable_primary_ipv6": null,
            "enclave_options": [
              {
                "enabled": false
              }
            ],
            "ephemeral_block_device": [],
            "get_password_data": false,
            "hibernation": false,
            "host_id": "",
            "host_resource_group_arn": null,
            "iam_instance_profile": "",
            "id": "i-06a85153887f1f426",
            "instance_initiated_shutdown_behavior": "stop",
            "instance_lifecycle": "",
            "instance_market_options": [],
            "instance_state": "running",
            "instance_type": "t3.medium",
            "ipv6_address_count": 0,
            "ipv6_addresses": [],
            "key_name": "my-app-key",
            "launch_template": [],
            "maintenance_options": [
              {
                "auto_recovery": "default"
              }
            ],
            "metadata_options": [
              {
                "http_endpoint": "enabled",
                "http_protocol_ipv6": "disabled",
                "http_put_response_hop_limit": 2,
                "http_tokens": "required",
                "instance_metadata_tags": "disabled"
              }
            ],
            "monitoring": false,
            "network_interface": [],
            "outpost_arn": "",
            "password_data": "",
            "placement_group": "",
            "placement_partition_number": 0,
            "primary_network_interface_id": "eni-08577f3899600c493",
            "private_dns": "ip-10-0-1-82.ec2.internal",
            "private_dns_name_options": [
              {
                "enable_resource_name_dns_a_record": false,
                "enable_resource_name_dns_aaaa_record": false,
                "hostname_type": "ip-name"
              }
            ],
            "private_ip": "10.0.1.82",
            "public_dns": "ec2-34-224-214-122.compute-1.amazonaws.com",
            "public_ip": "34.224.214.122",
            "root_block_device": [
              {
                "delete_on_termination": true,
                "device_name": "/dev/sda1",
                "encrypted": false,
                "iops": 3000,
                "kms_key_id": "",
                "tags": {},
                "tags_all": {},
                "throughput": 125,
                "volume_id": "vol-057428ea1d22c8dad",
                "volume_size": 8,
                "volume_type": "gp3"
              }
            ],
            "secondary_private_ips": [],
            "security_groups": [],
            "source_dest_check": true,
            "spot_instance_request_id": "",
            "subnet_id": "subnet-07b756807711b80ac",
            "tags": {
              "Name": "my-ec2-instance",
              "Project": "my-project"
            },
            "tags_all": {
              "Name": "my-ec2-instance",
              "Project": "my-project"
            },
            "tenancy": "default",
            "timeouts": null,
            "user_data": null,
            "user_data_base64": null,
            "user_data_replace_on_change": false,
            "volume_tags": null,
            "vpc_security_group_ids": [
              "sg-09be9a6f783d90b01"
            ]
          },
          "sensitive_attributes": [],
          "private": "eyJlMmJmYjczMC1lY2FhLTExZTYtOGY4OC0zNDM2M2JjN2M0YzAiOnsiY3JlYXRlIjo2MDAwMDAwMDAwMDAsImRlbGV0ZSI6MTIwMDAwMDAwMDAwMCwicmVhZCI6OTAwMDAwMDAwMDAwLCJ1cGRhdGUiOjYwMDAwMDAwMDAwMH0sInNjaGVtYV92ZXJzaW9uIjoiMSJ9",
          "dependencies": [
            "module.ec2.aws_key_pair.my-key-pair",
            "module.ec2.tls_private_key.rsa",
            "module.vpc.aws_security_group.vpc_sg",
            "module.vpc.aws_subnet.public",
            "module.vpc.aws_vpc.main"
          ]
        }
      ]
    },
    {
      "module": "module.ec2",
      "mode": "managed",
      "type": "aws_key_pair",
      "name": "my-key-pair",
      "provider": "provider[\"registry.terraform.io/hashicorp/aws\"]",
      "instances": [
        {
          "schema_version": 1,
          "attributes": {
            "arn": "arn:aws:ec2:us-east-1:017820706788:key-pair/my-app-key",
            "fingerprint": "fc:3a:6f:5e:97:b1:a7:6f:2a:dd:21:6d:fc:b0:bb:d1",
            "id": "my-app-key",
            "key_name": "my-app-key",
            "key_name_prefix": "",
            "key_pair_id": "key-049ca20418a164c39",
            "key_type": "rsa",
            "public_key": "ssh-rsa AAAAB3NzaC1yc2EAAAADAQABAAACAQC0T8ZVSH/E8xo6aDSPFecRPGcbqG96xohB7eAUmD2G+PUfYXDHLBQOWKqYP9kBjpEPN7Fk25IY7P0Cos6JS8GUkD5cC1nY155fOoQ+KD6r1lY/UnmsdZU1+xk604t/qd4IjR7elKhAqdE0QjltPRvTioa3eyx91ryHellIvna3r+XurobET1eWcouChkvivNpuXeBE1B7hk3A1CjrgcagkWyqPfIP2DokMlyQEEFnDkTXfwHNdxyorkjsvjPJzZZAO3WIbCDBbNhCKZkVeMZwvpKzf2Ru+arPuxZ7zxobPU5Pb+zsTWE8IdIK+SNJHHeJQo47y+KYb7RwiOf9n6bw2jcztWmAwDNUix88HJfmP09RIO/jIngoD01779yKgEUiATG/sqjdUquI83M+DUo7cO3QlAz9M87SMz2ivzz1Cwz+XnLcPqQ/9LStdtkitLlahvKYXhQydeAV4dP3yZUeBLuiLDMMHYMtvDRBq1gWpHvpyqse0EjfyB6RS0rzV2EaqNh3PDbFFwqe+TpK5Ehund48pkZHFyvd4Ap8a6RqjI6NSMkY9oafosYwTQv8xzNvbkhteR8Qt5pRzJLXWOfsXNGD4pErrAkf6SG/OjZLPliXdx5JOxuxy2cIulohUncoW5qMn8PqJER8MpLH2MaUtqMUgtaNIv0NDIZrSLzUUDQ==",
            "tags": null,
            "tags_all": {}
          },
          "sensitive_attributes": [],
          "private": "eyJzY2hlbWFfdmVyc2lvbiI6IjEifQ==",
          "dependencies": [
            "module.ec2.tls_private_key.rsa"
          ]
        }
      ]
    },
    {
      "module": "module.ec2",
      "mode": "managed",
      "type": "local_file",
      "name": "my-key-pair",
      "provider": "provider[\"registry.terraform.io/hashicorp/local\"]",
      "instances": [
        {
          "schema_version": 0,
          "attributes": {
            "content": "-----BEGIN RSA PRIVATE KEY-----\nMIIJJwIBAAKCAgEAtE/GVUh/xPMaOmg0jxXnETxnG6hvesaIQe3gFJg9hvj1H2Fw\nxywUDliqmD/ZAY6RDzexZNuSGOz9AqLOiUvBlJA+XAtZ2NeeXzqEPig+q9ZWP1J5\nrHWVNfsZOtOLf6neCI0e3pSoQKnRNEI5bT0b04qGt3ssfda8h3pZSL52t6/l7q6G\nxE9XlnKLgoZL4rzabl3gRNQe4ZNwNQo64HGoJFsqj3yD9g6JDJckBBBZw5E138Bz\nXccqK5I7L4zyc2WQDt1iGwgwWzYQimZFXjGcL6Ss39kbvmqz7sWe88aGz1OT2/s7\nE1hPCHSCvkjSRx3iUKOO8vimG+0cIjn/Z+m8No3M7VpgMAzVIsfPByX5j9PUSDv4\nyJ4KA9Ne+/cioBFIgExv7Ko3VKriPNzPg1KO3Dt0JQM/TPO0jM9or889QsM/l5y3\nD6kP/S0rXbZIrS5WobymF4UMnXgFeHT98mVHgS7oiwzDB2DLbw0QatYFqR76cqrH\ntBI38gekUtK81dhGqjYdzw2xRcKnvk6SuRIbp3ePKZGRxcr3eAKfGukaoyOjUjJG\nPaGn6LGME0L/Mczb25IbXkfELeaUcyS11jn7FzRg+KRK6wJH+khvzo2Sz5Yl3ceS\nTsbsctnCLpaIVJ3KFuajJ/D6iREfDKSx9jGlLajFILWjSL9DQyGa0i81FA0CAwEA\nAQKCAgATHsB7y6fM1TCLUAB+ycZKZBrU6nwDy2iogRZ5aJlhpiWsEbOZUzm/ObTB\nV0fmK92C/RdhCA2KehrsPCJlmbRp0g/ix8tbvKWNGJHsW20l4KEdrtu7J27OnhVT\nURpiS7uBMaG73Yyn6roF7h3T0R6RxIc7jqKtp2cvgJBWL+g72zmpITWmPHmfuP7F\nNQN4BCmveWHuOoYZyn4kCbUrlrHLRSWSuJPvtCPhQ2eszKUQIWZSl0BEifmVTDjd\ndndBOFxZzyz3i9tA2M9RNb4WWnFi9fXk+MtB2mPBJpCP7hXeh1DPC2l8yCj9TwmM\nLwGpS+hzP5zJdAd9P5vzny3PsY/lFWzb7uL1pG8MnQ/4gQDo8xydPDhiS6bxbDej\nZQFBIJrqKU2MkMdfNz39dfuMg1AixZWVN+9htMLfY63XAmZHXonMM4tqsleRBLYK\nKtuIIeaF/byfvJa3qUgIKqX/497bsYriwjwx8ueq5sqMeIL59c9SAUbWfQZTd2TG\ngsl0uOvyzWIWoco0AhhlAC1h/3saoxhGR+yf5aiXpxtx+4gi51P0xvLGK+a4e642\nUxLEeE4LgyM9LyherCPtXS9NWAsJVlzuX6FdEzF58Bhc5JTE3Zj2QtdK4tmJ0rjp\nY+PkZGY6vIne7XKN1VO2dZClj3tkL3RKPCflhzSceQjPv/+4EQKCAQEAy/0/dYJ6\nwg6jnjTV2VpZG9keJo2I/6C0kkUsG74iOsqfMLSpEX4K6xt7VLm41fome3ZrOrUO\ngd0B6bKiTCj7mPKJjOrzuBy+YaCCA7mj5jMd7xoQbVrz+SSNb1r/RLds3PAbNKSG\n8t+vtNwrDxBtcSZJE1JmuQfE+zF7kQcWJdPkGFfEn54Rgd7n//3YhAS/DxaL+Ns5\nBT616AVwf4jtaiTMJiGM7pOvYjmiVMNpBLth7AOz5He/DdRVKc/27MVifMDOnMNj\nmRxXdM1jFIzpVBKCA/iLoS18l4V2Y69AHyrFsCM2LDQLQ+K2HFUO+WoWncP+0BCs\nQ1jeA1w+aEd5eQKCAQEA4kkLaiDl681UClx84+DqIiS9pB8t3KhMZL0R+XbxLiTt\nFz9+9044lCwIR0UNoKOWzHKLLwRyMheiO1Sqr/3VkOxZNyKTVuMrxuFf8l8vZHE+\nzBso2JM+aPQOkDGGz+98PdYFFepL7sXnhFr0kmSqqK38z/2bvjPcKhyupDIEyipJ\n2i5vz3XOZ9qbh9Sw7fkQvMty1vP2zDlO+vjQFElmnjix4x+MCkIXJaIxhfZmXlks\nokn5KwJlghGjPAUb8PlQ1kOoRKboGziZD+0D+xIc6TZXL2JehX0SgNVU8rjyl/rx\n2ZerNrakHeOWMgyqzUtUPDhFTJ6v5LsNeiSKkyLeNQKCAQAF3GnlW3FhgAAtfIEk\ndJcY2L0oCGsGRTzK8xfYWDctj0LRqG8vJHr11F1PyuJHq59NbtKX5jnbe1khuNM2\n8vp/o4BWPy3vfUvvDCiQKNZPt+pFQ29zZOiboPQ7Xdb1x3tmQbPWaF/EPK8UuDq4\nfRVX6eyxlG2FJXcAbKSLPzPgtFzaYjMxDt6b56as0UNWT7iZm2E8LjhOMUYSu41G\n7M09fn8rHU2qUS352YQTgWXUD/o5SMXza4lewVoNEH+cv/MbeIK3OFn1PT46Ceit\n33qYwstfh9WjNOZeiCQlqxRhkN4LOIfG71vfgHURDVSXz/eEYuxAWCpK6RO/7veQ\nEXWpAoIBAFaSXYSX237wSjPAmKNSHCE97zPIHfKqjLeJwkOvpqvhwrc/OqMA0RKX\nGf+yQnlvvLSxKeCuEcZqVk3eoYK9WSSd17AJUVdPiCMJfHysv+Psk3rg9SqOgrUC\nkkPGPu50kBLUO5Pb1HsgSefQKHuNeeEY13z3aMtG6fdOi94TqNNzhFetpmc3ieUf\ntJst2xbgT+/64g+svIH7duT7phfs0Q69YAklu5z9Ff/24n1+/EEiWrooFOTIgO9X\nMh03Uy5JJA0lS04gkPJBIAYAxqIalub+PDLLrp/hbt/NPjeyXFWa00ZNCVrgWz94\nH7E8OWhbZnm3iYO7vk2C5rARJNcP4vUCggEAL4HA1zf7QmcWp8lo/IP8We5p5f+M\n4xvXqDaGXiToNIDMSOpyrUOQFMihWXpvaePbSaAkCCSe8zankv0y7/CiODQQhY/t\nQ/mFAZ+NbQqi/p1jc+MYaIKFoOTU63JeYLF2XlzsBcUN1uT0MCbNl1TKq0Fe+dt1\nUWeT2ozyvFeHdZnkNesEGO/jt6URU7dPpSJwpcRExALzHz8Jda6hvmS3HXB7yD46\nWXOckEQz1X81XgfU0O4OQXDiQb4Ir6yV9Gq5kJD6zFFMDMfTpvESZKwoUde5Ufn3\nsYuBtGjRpRrHgUMrMIKxq+KrnlHfTA3SXT4NqyMr1lxNu1iGptIY3OO3AA==\n-----END RSA PRIVATE KEY-----\n",
            "content_base64": null,
            "content_base64sha256": "xqUOBnIANefv11Tby9drzDmteQ5YjWpkNFVens1Xt6M=",
            "content_base64sha512": "in3K+ms0amb5VSQfqp0Vo4qSdfxoEY60XMdkep7axD9R/HGMePNkhzQDHXAX4p19Qdn1Y9iYiQfzBWWbGP3PAQ==",
            "content_md5": "5dc0df30b9660562238e71198c41c104",
            "content_sha1": "3a0bdb25c47f41b43de9e8c27bc51bcd60a21577",
            "content_sha256": "c6a50e06720035e7efd754dbcbd76bcc39ad790e588d6a6434555e9ecd57b7a3",
            "content_sha512": "8a7dcafa6b346a66f955241faa9d15a38a9275fc68118eb45cc7647a9edac43f51fc718c78f3648734031d7017e29d7d41d9f563d8988907f305659b18fdcf01",
            "directory_permission": "0777",
            "file_permission": "0777",
            "filename": "my-key-pair.pem",
            "id": "3a0bdb25c47f41b43de9e8c27bc51bcd60a21577",
            "sensitive_content": null,
            "source": null
          },
          "sensitive_attributes": [
            [
              {
                "type": "get_attr",
                "value": "sensitive_content"
              }
            ],
            [
              {
                "type": "get_attr",
                "value": "content"
              }
            ]
          ],
          "dependencies": [
            "module.ec2.tls_private_key.rsa"
          ]
        }
      ]
    },
    {
      "module": "module.ec2",
      "mode": "managed",
      "type": "tls_private_key",
      "name": "rsa",
      "provider": "provider[\"registry.terraform.io/hashicorp/tls\"]",
      "instances": [
        {
          "schema_version": 1,
          "attributes": {
            "algorithm": "RSA",
            "ecdsa_curve": "P224",
            "id": "28ac15e0f6980d221c677a83859c0aa89dd3b9f8",
            "private_key_openssh": "-----BEGIN OPENSSH PRIVATE KEY-----\nb3BlbnNzaC1rZXktdjEAAAAABG5vbmUAAAAEbm9uZQAAAAAAAAABAAACFwAAAAdz\nc2gtcnNhAAAAAwEAAQAAAgEAtE/GVUh/xPMaOmg0jxXnETxnG6hvesaIQe3gFJg9\nhvj1H2FwxywUDliqmD/ZAY6RDzexZNuSGOz9AqLOiUvBlJA+XAtZ2NeeXzqEPig+\nq9ZWP1J5rHWVNfsZOtOLf6neCI0e3pSoQKnRNEI5bT0b04qGt3ssfda8h3pZSL52\nt6/l7q6GxE9XlnKLgoZL4rzabl3gRNQe4ZNwNQo64HGoJFsqj3yD9g6JDJckBBBZ\nw5E138BzXccqK5I7L4zyc2WQDt1iGwgwWzYQimZFXjGcL6Ss39kbvmqz7sWe88aG\nz1OT2/s7E1hPCHSCvkjSRx3iUKOO8vimG+0cIjn/Z+m8No3M7VpgMAzVIsfPByX5\nj9PUSDv4yJ4KA9Ne+/cioBFIgExv7Ko3VKriPNzPg1KO3Dt0JQM/TPO0jM9or889\nQsM/l5y3D6kP/S0rXbZIrS5WobymF4UMnXgFeHT98mVHgS7oiwzDB2DLbw0QatYF\nqR76cqrHtBI38gekUtK81dhGqjYdzw2xRcKnvk6SuRIbp3ePKZGRxcr3eAKfGuka\noyOjUjJGPaGn6LGME0L/Mczb25IbXkfELeaUcyS11jn7FzRg+KRK6wJH+khvzo2S\nz5Yl3ceSTsbsctnCLpaIVJ3KFuajJ/D6iREfDKSx9jGlLajFILWjSL9DQyGa0i81\nFA0AAAc4CoZFBQqGRQUAAAAHc3NoLXJzYQAAAgEAtE/GVUh/xPMaOmg0jxXnETxn\nG6hvesaIQe3gFJg9hvj1H2FwxywUDliqmD/ZAY6RDzexZNuSGOz9AqLOiUvBlJA+\nXAtZ2NeeXzqEPig+q9ZWP1J5rHWVNfsZOtOLf6neCI0e3pSoQKnRNEI5bT0b04qG\nt3ssfda8h3pZSL52t6/l7q6GxE9XlnKLgoZL4rzabl3gRNQe4ZNwNQo64HGoJFsq\nj3yD9g6JDJckBBBZw5E138BzXccqK5I7L4zyc2WQDt1iGwgwWzYQimZFXjGcL6Ss\n39kbvmqz7sWe88aGz1OT2/s7E1hPCHSCvkjSRx3iUKOO8vimG+0cIjn/Z+m8No3M\n7VpgMAzVIsfPByX5j9PUSDv4yJ4KA9Ne+/cioBFIgExv7Ko3VKriPNzPg1KO3Dt0\nJQM/TPO0jM9or889QsM/l5y3D6kP/S0rXbZIrS5WobymF4UMnXgFeHT98mVHgS7o\niwzDB2DLbw0QatYFqR76cqrHtBI38gekUtK81dhGqjYdzw2xRcKnvk6SuRIbp3eP\nKZGRxcr3eAKfGukaoyOjUjJGPaGn6LGME0L/Mczb25IbXkfELeaUcyS11jn7FzRg\n+KRK6wJH+khvzo2Sz5Yl3ceSTsbsctnCLpaIVJ3KFuajJ/D6iREfDKSx9jGlLajF\nILWjSL9DQyGa0i81FA0AAAADAQABAAACABMewHvLp8zVMItQAH7JxkpkGtTqfAPL\naKiBFnlomWGmJawRs5lTOb85tMFXR+Yr3YL9F2EIDYp6Guw8ImWZtGnSD+LHy1u8\npY0YkexbbSXgoR2u27snbs6eFVNRGmJLu4ExobvdjKfqugXuHdPRHpHEhzuOoq2n\nZy+AkFYv6DvbOakhNaY8eZ+4/sU1A3gEKa95Ye46hhnKfiQJtSuWsctFJZK4k++0\nI+FDZ6zMpRAhZlKXQESJ+ZVMON12d0E4XFnPLPeL20DYz1E1vhZacWL19eT4y0Ha\nY8EmkI/uFd6HUM8LaXzIKP1PCYwvAalL6HM/nMl0B30/m/OfLc+xj+UVbNvu4vWk\nbwydD/iBAOjzHJ08OGJLpvFsN6NlAUEgmuopTYyQx183Pf11+4yDUCLFlZU372G0\nwt9jrdcCZkdeicwzi2qyV5EEtgoq24gh5oX9vJ+8lrepSAgqpf/j3tuxiuLCPDHy\n56rmyox4gvn1z1IBRtZ9BlN3ZMaCyXS46/LNYhahyjQCGGUALWH/exqjGEZH7J/l\nqJenG3H7iCLnU/TG8sYr5rh7rjZTEsR4TguDIz0vKF6sI+1dL01YCwlWXO5foV0T\nMXnwGFzklMTdmPZC10ri2YnSuOlj4+RkZjq8id7tco3VU7Z1kKWPe2QvdEo8J+WH\nNJx5CM+//7gRAAABAC+BwNc3+0JnFqfJaPyD/FnuaeX/jOMb16g2hl4k6DSAzEjq\ncq1DkBTIoVl6b2nj20mgJAgknvM2p5L9Mu/wojg0EIWP7UP5hQGfjW0Kov6dY3Pj\nGGiChaDk1OtyXmCxdl5c7AXFDdbk9DAmzZdUyqtBXvnbdVFnk9qM8rxXh3WZ5DXr\nBBjv47elEVO3T6UicKXERMQC8x8/CXWuob5ktx1we8g+OllznJBEM9V/NV4H1NDu\nDkFw4kG+CK+slfRquZCQ+sxRTAzH06bxEmSsKFHXuVH597GLgbRo0aUax4FDKzCC\nsaviq55R30wN0l0+DasjK9ZcTbtYhqbSGNzjtwAAAAEBAMv9P3WCesIOo5401dla\nWRvZHiaNiP+gtJJFLBu+IjrKnzC0qRF+Cusbe1S5uNX6Jnt2azq1DoHdAemyokwo\n+5jyiYzq87gcvmGgggO5o+YzHe8aEG1a8/kkjW9a/0S3bNzwGzSkhvLfr7TcKw8Q\nbXEmSRNSZrkHxPsxe5EHFiXT5BhXxJ+eEYHe5//92IQEvw8Wi/jbOQU+tegFcH+I\n7WokzCYhjO6Tr2I5olTDaQS7YewDs+R3vw3UVSnP9uzFYnzAzpzDY5kcV3TNYxSM\n6VQSggP4i6EtfJeFdmOvQB8qxbAjNiw0C0PithxVDvlqFp3D/tAQrENY3gNcPmhH\neXkAAAEBAOJJC2og5evNVApcfOPg6iIkvaQfLdyoTGS9Efl28S4k7Rc/fvdOOJQs\nCEdFDaCjlsxyiy8EcjIXojtUqq/91ZDsWTcik1bjK8bhX/JfL2RxPswbKNiTPmj0\nDpAxhs/vfD3WBRXqS+7F54Ra9JJkqqit/M/9m74z3CocrqQyBMoqSdoub891zmfa\nm4fUsO35ELzLctbz9sw5Tvr40BRJZp44seMfjApCFyWiMYX2Zl5ZLKJJ+SsCZYIR\nozwFG/D5UNZDqESm6Bs4mQ/tA/sSHOk2Vy9iXoV9EoDVVPK48pf68dmXqza2pB3j\nljIMqs1LVDw4RUyer+S7DXokipMi3jUAAAAAAQID\n-----END OPENSSH PRIVATE KEY-----\n",
            "private_key_pem": "-----BEGIN RSA PRIVATE KEY-----\nMIIJJwIBAAKCAgEAtE/GVUh/xPMaOmg0jxXnETxnG6hvesaIQe3gFJg9hvj1H2Fw\nxywUDliqmD/ZAY6RDzexZNuSGOz9AqLOiUvBlJA+XAtZ2NeeXzqEPig+q9ZWP1J5\nrHWVNfsZOtOLf6neCI0e3pSoQKnRNEI5bT0b04qGt3ssfda8h3pZSL52t6/l7q6G\nxE9XlnKLgoZL4rzabl3gRNQe4ZNwNQo64HGoJFsqj3yD9g6JDJckBBBZw5E138Bz\nXccqK5I7L4zyc2WQDt1iGwgwWzYQimZFXjGcL6Ss39kbvmqz7sWe88aGz1OT2/s7\nE1hPCHSCvkjSRx3iUKOO8vimG+0cIjn/Z+m8No3M7VpgMAzVIsfPByX5j9PUSDv4\nyJ4KA9Ne+/cioBFIgExv7Ko3VKriPNzPg1KO3Dt0JQM/TPO0jM9or889QsM/l5y3\nD6kP/S0rXbZIrS5WobymF4UMnXgFeHT98mVHgS7oiwzDB2DLbw0QatYFqR76cqrH\ntBI38gekUtK81dhGqjYdzw2xRcKnvk6SuRIbp3ePKZGRxcr3eAKfGukaoyOjUjJG\nPaGn6LGME0L/Mczb25IbXkfELeaUcyS11jn7FzRg+KRK6wJH+khvzo2Sz5Yl3ceS\nTsbsctnCLpaIVJ3KFuajJ/D6iREfDKSx9jGlLajFILWjSL9DQyGa0i81FA0CAwEA\nAQKCAgATHsB7y6fM1TCLUAB+ycZKZBrU6nwDy2iogRZ5aJlhpiWsEbOZUzm/ObTB\nV0fmK92C/RdhCA2KehrsPCJlmbRp0g/ix8tbvKWNGJHsW20l4KEdrtu7J27OnhVT\nURpiS7uBMaG73Yyn6roF7h3T0R6RxIc7jqKtp2cvgJBWL+g72zmpITWmPHmfuP7F\nNQN4BCmveWHuOoYZyn4kCbUrlrHLRSWSuJPvtCPhQ2eszKUQIWZSl0BEifmVTDjd\ndndBOFxZzyz3i9tA2M9RNb4WWnFi9fXk+MtB2mPBJpCP7hXeh1DPC2l8yCj9TwmM\nLwGpS+hzP5zJdAd9P5vzny3PsY/lFWzb7uL1pG8MnQ/4gQDo8xydPDhiS6bxbDej\nZQFBIJrqKU2MkMdfNz39dfuMg1AixZWVN+9htMLfY63XAmZHXonMM4tqsleRBLYK\nKtuIIeaF/byfvJa3qUgIKqX/497bsYriwjwx8ueq5sqMeIL59c9SAUbWfQZTd2TG\ngsl0uOvyzWIWoco0AhhlAC1h/3saoxhGR+yf5aiXpxtx+4gi51P0xvLGK+a4e642\nUxLEeE4LgyM9LyherCPtXS9NWAsJVlzuX6FdEzF58Bhc5JTE3Zj2QtdK4tmJ0rjp\nY+PkZGY6vIne7XKN1VO2dZClj3tkL3RKPCflhzSceQjPv/+4EQKCAQEAy/0/dYJ6\nwg6jnjTV2VpZG9keJo2I/6C0kkUsG74iOsqfMLSpEX4K6xt7VLm41fome3ZrOrUO\ngd0B6bKiTCj7mPKJjOrzuBy+YaCCA7mj5jMd7xoQbVrz+SSNb1r/RLds3PAbNKSG\n8t+vtNwrDxBtcSZJE1JmuQfE+zF7kQcWJdPkGFfEn54Rgd7n//3YhAS/DxaL+Ns5\nBT616AVwf4jtaiTMJiGM7pOvYjmiVMNpBLth7AOz5He/DdRVKc/27MVifMDOnMNj\nmRxXdM1jFIzpVBKCA/iLoS18l4V2Y69AHyrFsCM2LDQLQ+K2HFUO+WoWncP+0BCs\nQ1jeA1w+aEd5eQKCAQEA4kkLaiDl681UClx84+DqIiS9pB8t3KhMZL0R+XbxLiTt\nFz9+9044lCwIR0UNoKOWzHKLLwRyMheiO1Sqr/3VkOxZNyKTVuMrxuFf8l8vZHE+\nzBso2JM+aPQOkDGGz+98PdYFFepL7sXnhFr0kmSqqK38z/2bvjPcKhyupDIEyipJ\n2i5vz3XOZ9qbh9Sw7fkQvMty1vP2zDlO+vjQFElmnjix4x+MCkIXJaIxhfZmXlks\nokn5KwJlghGjPAUb8PlQ1kOoRKboGziZD+0D+xIc6TZXL2JehX0SgNVU8rjyl/rx\n2ZerNrakHeOWMgyqzUtUPDhFTJ6v5LsNeiSKkyLeNQKCAQAF3GnlW3FhgAAtfIEk\ndJcY2L0oCGsGRTzK8xfYWDctj0LRqG8vJHr11F1PyuJHq59NbtKX5jnbe1khuNM2\n8vp/o4BWPy3vfUvvDCiQKNZPt+pFQ29zZOiboPQ7Xdb1x3tmQbPWaF/EPK8UuDq4\nfRVX6eyxlG2FJXcAbKSLPzPgtFzaYjMxDt6b56as0UNWT7iZm2E8LjhOMUYSu41G\n7M09fn8rHU2qUS352YQTgWXUD/o5SMXza4lewVoNEH+cv/MbeIK3OFn1PT46Ceit\n33qYwstfh9WjNOZeiCQlqxRhkN4LOIfG71vfgHURDVSXz/eEYuxAWCpK6RO/7veQ\nEXWpAoIBAFaSXYSX237wSjPAmKNSHCE97zPIHfKqjLeJwkOvpqvhwrc/OqMA0RKX\nGf+yQnlvvLSxKeCuEcZqVk3eoYK9WSSd17AJUVdPiCMJfHysv+Psk3rg9SqOgrUC\nkkPGPu50kBLUO5Pb1HsgSefQKHuNeeEY13z3aMtG6fdOi94TqNNzhFetpmc3ieUf\ntJst2xbgT+/64g+svIH7duT7phfs0Q69YAklu5z9Ff/24n1+/EEiWrooFOTIgO9X\nMh03Uy5JJA0lS04gkPJBIAYAxqIalub+PDLLrp/hbt/NPjeyXFWa00ZNCVrgWz94\nH7E8OWhbZnm3iYO7vk2C5rARJNcP4vUCggEAL4HA1zf7QmcWp8lo/IP8We5p5f+M\n4xvXqDaGXiToNIDMSOpyrUOQFMihWXpvaePbSaAkCCSe8zankv0y7/CiODQQhY/t\nQ/mFAZ+NbQqi/p1jc+MYaIKFoOTU63JeYLF2XlzsBcUN1uT0MCbNl1TKq0Fe+dt1\nUWeT2ozyvFeHdZnkNesEGO/jt6URU7dPpSJwpcRExALzHz8Jda6hvmS3HXB7yD46\nWXOckEQz1X81XgfU0O4OQXDiQb4Ir6yV9Gq5kJD6zFFMDMfTpvESZKwoUde5Ufn3\nsYuBtGjRpRrHgUMrMIKxq+KrnlHfTA3SXT4NqyMr1lxNu1iGptIY3OO3AA==\n-----END RSA PRIVATE KEY-----\n",
            "private_key_pem_pkcs8": "-----BEGIN PRIVATE KEY-----\nMIIJQQIBADANBgkqhkiG9w0BAQEFAASCCSswggknAgEAAoICAQC0T8ZVSH/E8xo6\naDSPFecRPGcbqG96xohB7eAUmD2G+PUfYXDHLBQOWKqYP9kBjpEPN7Fk25IY7P0C\nos6JS8GUkD5cC1nY155fOoQ+KD6r1lY/UnmsdZU1+xk604t/qd4IjR7elKhAqdE0\nQjltPRvTioa3eyx91ryHellIvna3r+XurobET1eWcouChkvivNpuXeBE1B7hk3A1\nCjrgcagkWyqPfIP2DokMlyQEEFnDkTXfwHNdxyorkjsvjPJzZZAO3WIbCDBbNhCK\nZkVeMZwvpKzf2Ru+arPuxZ7zxobPU5Pb+zsTWE8IdIK+SNJHHeJQo47y+KYb7Rwi\nOf9n6bw2jcztWmAwDNUix88HJfmP09RIO/jIngoD01779yKgEUiATG/sqjdUquI8\n3M+DUo7cO3QlAz9M87SMz2ivzz1Cwz+XnLcPqQ/9LStdtkitLlahvKYXhQydeAV4\ndP3yZUeBLuiLDMMHYMtvDRBq1gWpHvpyqse0EjfyB6RS0rzV2EaqNh3PDbFFwqe+\nTpK5Ehund48pkZHFyvd4Ap8a6RqjI6NSMkY9oafosYwTQv8xzNvbkhteR8Qt5pRz\nJLXWOfsXNGD4pErrAkf6SG/OjZLPliXdx5JOxuxy2cIulohUncoW5qMn8PqJER8M\npLH2MaUtqMUgtaNIv0NDIZrSLzUUDQIDAQABAoICABMewHvLp8zVMItQAH7Jxkpk\nGtTqfAPLaKiBFnlomWGmJawRs5lTOb85tMFXR+Yr3YL9F2EIDYp6Guw8ImWZtGnS\nD+LHy1u8pY0YkexbbSXgoR2u27snbs6eFVNRGmJLu4ExobvdjKfqugXuHdPRHpHE\nhzuOoq2nZy+AkFYv6DvbOakhNaY8eZ+4/sU1A3gEKa95Ye46hhnKfiQJtSuWsctF\nJZK4k++0I+FDZ6zMpRAhZlKXQESJ+ZVMON12d0E4XFnPLPeL20DYz1E1vhZacWL1\n9eT4y0HaY8EmkI/uFd6HUM8LaXzIKP1PCYwvAalL6HM/nMl0B30/m/OfLc+xj+UV\nbNvu4vWkbwydD/iBAOjzHJ08OGJLpvFsN6NlAUEgmuopTYyQx183Pf11+4yDUCLF\nlZU372G0wt9jrdcCZkdeicwzi2qyV5EEtgoq24gh5oX9vJ+8lrepSAgqpf/j3tux\niuLCPDHy56rmyox4gvn1z1IBRtZ9BlN3ZMaCyXS46/LNYhahyjQCGGUALWH/exqj\nGEZH7J/lqJenG3H7iCLnU/TG8sYr5rh7rjZTEsR4TguDIz0vKF6sI+1dL01YCwlW\nXO5foV0TMXnwGFzklMTdmPZC10ri2YnSuOlj4+RkZjq8id7tco3VU7Z1kKWPe2Qv\ndEo8J+WHNJx5CM+//7gRAoIBAQDL/T91gnrCDqOeNNXZWlkb2R4mjYj/oLSSRSwb\nviI6yp8wtKkRfgrrG3tUubjV+iZ7dms6tQ6B3QHpsqJMKPuY8omM6vO4HL5hoIID\nuaPmMx3vGhBtWvP5JI1vWv9Et2zc8Bs0pIby36+03CsPEG1xJkkTUma5B8T7MXuR\nBxYl0+QYV8SfnhGB3uf//diEBL8PFov42zkFPrXoBXB/iO1qJMwmIYzuk69iOaJU\nw2kEu2HsA7Pkd78N1FUpz/bsxWJ8wM6cw2OZHFd0zWMUjOlUEoID+IuhLXyXhXZj\nr0AfKsWwIzYsNAtD4rYcVQ75ahadw/7QEKxDWN4DXD5oR3l5AoIBAQDiSQtqIOXr\nzVQKXHzj4OoiJL2kHy3cqExkvRH5dvEuJO0XP373TjiULAhHRQ2go5bMcosvBHIy\nF6I7VKqv/dWQ7Fk3IpNW4yvG4V/yXy9kcT7MGyjYkz5o9A6QMYbP73w91gUV6kvu\nxeeEWvSSZKqorfzP/Zu+M9wqHK6kMgTKKknaLm/Pdc5n2puH1LDt+RC8y3LW8/bM\nOU76+NAUSWaeOLHjH4wKQhclojGF9mZeWSyiSfkrAmWCEaM8BRvw+VDWQ6hEpugb\nOJkP7QP7EhzpNlcvYl6FfRKA1VTyuPKX+vHZl6s2tqQd45YyDKrNS1Q8OEVMnq/k\nuw16JIqTIt41AoIBAAXcaeVbcWGAAC18gSR0lxjYvSgIawZFPMrzF9hYNy2PQtGo\nby8kevXUXU/K4kern01u0pfmOdt7WSG40zby+n+jgFY/Le99S+8MKJAo1k+36kVD\nb3Nk6Jug9Dtd1vXHe2ZBs9ZoX8Q8rxS4Orh9FVfp7LGUbYUldwBspIs/M+C0XNpi\nMzEO3pvnpqzRQ1ZPuJmbYTwuOE4xRhK7jUbszT1+fysdTapRLfnZhBOBZdQP+jlI\nxfNriV7BWg0Qf5y/8xt4grc4WfU9PjoJ6K3fepjCy1+H1aM05l6IJCWrFGGQ3gs4\nh8bvW9+AdRENVJfP94Ri7EBYKkrpE7/u95ARdakCggEAVpJdhJfbfvBKM8CYo1Ic\nIT3vM8gd8qqMt4nCQ6+mq+HCtz86owDREpcZ/7JCeW+8tLEp4K4RxmpWTd6hgr1Z\nJJ3XsAlRV0+IIwl8fKy/4+yTeuD1Ko6CtQKSQ8Y+7nSQEtQ7k9vUeyBJ59Aoe415\n4RjXfPdoy0bp906L3hOo03OEV62mZzeJ5R+0my3bFuBP7/riD6y8gft25PumF+zR\nDr1gCSW7nP0V//bifX78QSJauigU5MiA71cyHTdTLkkkDSVLTiCQ8kEgBgDGohqW\n5v48Msuun+Fu380+N7JcVZrTRk0JWuBbP3gfsTw5aFtmebeJg7u+TYLmsBEk1w/i\n9QKCAQAvgcDXN/tCZxanyWj8g/xZ7mnl/4zjG9eoNoZeJOg0gMxI6nKtQ5AUyKFZ\nem9p49tJoCQIJJ7zNqeS/TLv8KI4NBCFj+1D+YUBn41tCqL+nWNz4xhogoWg5NTr\ncl5gsXZeXOwFxQ3W5PQwJs2XVMqrQV7523VRZ5PajPK8V4d1meQ16wQY7+O3pRFT\nt0+lInClxETEAvMfPwl1rqG+ZLcdcHvIPjpZc5yQRDPVfzVeB9TQ7g5BcOJBvgiv\nrJX0armQkPrMUUwMx9Om8RJkrChR17lR+fexi4G0aNGlGseBQyswgrGr4queUd9M\nDdJdPg2rIyvWXE27WIam0hjc47cA\n-----END PRIVATE KEY-----\n",
            "public_key_fingerprint_md5": "a7:73:83:1d:de:db:31:df:ac:2d:7f:87:11:a9:59:a5",
            "public_key_fingerprint_sha256": "SHA256:K6+fpGBswBI2gh0RHaP7+E+p95aiO+TxIkjJWhhnRFI",
            "public_key_openssh": "ssh-rsa AAAAB3NzaC1yc2EAAAADAQABAAACAQC0T8ZVSH/E8xo6aDSPFecRPGcbqG96xohB7eAUmD2G+PUfYXDHLBQOWKqYP9kBjpEPN7Fk25IY7P0Cos6JS8GUkD5cC1nY155fOoQ+KD6r1lY/UnmsdZU1+xk604t/qd4IjR7elKhAqdE0QjltPRvTioa3eyx91ryHellIvna3r+XurobET1eWcouChkvivNpuXeBE1B7hk3A1CjrgcagkWyqPfIP2DokMlyQEEFnDkTXfwHNdxyorkjsvjPJzZZAO3WIbCDBbNhCKZkVeMZwvpKzf2Ru+arPuxZ7zxobPU5Pb+zsTWE8IdIK+SNJHHeJQo47y+KYb7RwiOf9n6bw2jcztWmAwDNUix88HJfmP09RIO/jIngoD01779yKgEUiATG/sqjdUquI83M+DUo7cO3QlAz9M87SMz2ivzz1Cwz+XnLcPqQ/9LStdtkitLlahvKYXhQydeAV4dP3yZUeBLuiLDMMHYMtvDRBq1gWpHvpyqse0EjfyB6RS0rzV2EaqNh3PDbFFwqe+TpK5Ehund48pkZHFyvd4Ap8a6RqjI6NSMkY9oafosYwTQv8xzNvbkhteR8Qt5pRzJLXWOfsXNGD4pErrAkf6SG/OjZLPliXdx5JOxuxy2cIulohUncoW5qMn8PqJER8MpLH2MaUtqMUgtaNIv0NDIZrSLzUUDQ==\n",
            "public_key_pem": "-----BEGIN PUBLIC KEY-----\nMIICIjANBgkqhkiG9w0BAQEFAAOCAg8AMIICCgKCAgEAtE/GVUh/xPMaOmg0jxXn\nETxnG6hvesaIQe3gFJg9hvj1H2FwxywUDliqmD/ZAY6RDzexZNuSGOz9AqLOiUvB\nlJA+XAtZ2NeeXzqEPig+q9ZWP1J5rHWVNfsZOtOLf6neCI0e3pSoQKnRNEI5bT0b\n04qGt3ssfda8h3pZSL52t6/l7q6GxE9XlnKLgoZL4rzabl3gRNQe4ZNwNQo64HGo\nJFsqj3yD9g6JDJckBBBZw5E138BzXccqK5I7L4zyc2WQDt1iGwgwWzYQimZFXjGc\nL6Ss39kbvmqz7sWe88aGz1OT2/s7E1hPCHSCvkjSRx3iUKOO8vimG+0cIjn/Z+m8\nNo3M7VpgMAzVIsfPByX5j9PUSDv4yJ4KA9Ne+/cioBFIgExv7Ko3VKriPNzPg1KO\n3Dt0JQM/TPO0jM9or889QsM/l5y3D6kP/S0rXbZIrS5WobymF4UMnXgFeHT98mVH\ngS7oiwzDB2DLbw0QatYFqR76cqrHtBI38gekUtK81dhGqjYdzw2xRcKnvk6SuRIb\np3ePKZGRxcr3eAKfGukaoyOjUjJGPaGn6LGME0L/Mczb25IbXkfELeaUcyS11jn7\nFzRg+KRK6wJH+khvzo2Sz5Yl3ceSTsbsctnCLpaIVJ3KFuajJ/D6iREfDKSx9jGl\nLajFILWjSL9DQyGa0i81FA0CAwEAAQ==\n-----END PUBLIC KEY-----\n",
            "rsa_bits": 4096
          },
          "sensitive_attributes": [
            [
              {
                "type": "get_attr",
                "value": "private_key_openssh"
              }
            ],
            [
              {
                "type": "get_attr",
                "value": "private_key_pem_pkcs8"
              }
            ],
            [
              {
                "type": "get_attr",
                "value": "private_key_pem"
              }
            ]
          ]
        }
      ]
    },
    {
      "module": "module.eks",
      "mode": "managed",
      "type": "aws_eks_cluster",
      "name": "eks_cluster",
      "provider": "provider[\"registry.terraform.io/hashicorp/aws\"]",
      "instances": [
        {
          "schema_version": 1,
          "attributes": {
            "access_config": [
              {
                "authentication_mode": "CONFIG_MAP",
                "bootstrap_cluster_creator_admin_permissions": true
              }
            ],
            "arn": "arn:aws:eks:us-east-1:017820706788:cluster/my-eks-cluster",
            "bootstrap_self_managed_addons": true,
            "certificate_authority": [
              {
                "data": "LS0tLS1CRUdJTiBDRVJUSUZJQ0FURS0tLS0tCk1JSURCVENDQWUyZ0F3SUJBZ0lJSkorWk9aQ2ZzTG93RFFZSktvWklodmNOQVFFTEJRQXdGVEVUTUJFR0ExVUUKQXhNS2EzVmlaWEp1WlhSbGN6QWVGdzB5TlRBMU1qSXdORFU1TXpoYUZ3MHpOVEExTWpBd05UQTBNemhhTUJVeApFekFSQmdOVkJBTVRDbXQxWW1WeWJtVjBaWE13Z2dFaU1BMEdDU3FHU0liM0RRRUJBUVVBQTRJQkR3QXdnZ0VLCkFvSUJBUUNwejlMVDZhOFJZSzVHdzRnTTFpVS91T3VyWlo4SStQVmVPSmduVG5KMmduR1drWkNOSWRZdWxEWlAKMVpCVVZRZ05VS2NTOW5qUGVDTSthZ3krM3l6OE1uWGpMYjUrR0lRbllNbmNERzBQa3V4ZXNmOC91c0RhL0RhRQpDNkYxeFhiN3FibjRtVnY5U3B2emNyMEhRTTI3MGNHeFJkVkJpNVBkYlVaOFR5TUlJRjJ3YjJYMUs2S0ZnMldsCkJBS2NCMnFoNDhOelFCR1loSVBrTTd4NnQwdXRENVZxWGF4K3U3My81Ykg1ZWZ3NUVVWi81dlVXa2kxNUs4R0gKb1hKdXI0dXc4Sk5KZzJveDR1c3FBRFAxeDE0bllnUXNNMEF1UUNHU1E1VkJVZ25rQWIzeEo0bW5tS1h2MEVqOApmSXZYR0w2MUU4MlpOcmpZY1F0b3cyaGdvVkFSQWdNQkFBR2pXVEJYTUE0R0ExVWREd0VCL3dRRUF3SUNwREFQCkJnTlZIUk1CQWY4RUJUQURBUUgvTUIwR0ExVWREZ1FXQkJUL0Z6VFdCOGljakUxc29mbncwUFdLNnRCZ256QVYKQmdOVkhSRUVEakFNZ2dwcmRXSmxjbTVsZEdWek1BMEdDU3FHU0liM0RRRUJDd1VBQTRJQkFRQm9RQlBaTGpTWQpLazlYN1NhdW5DM3c1NjRLNERBeGhVOU56R1lVTEw5RW0vc1JzU2NiN1VDV0M1Qit1R2s1S0ptZTNBZWRQWXRMCmF5cGF2bEtrVktoYll2OHFDcjY1WXZQdGZoYWI3eHkwczFseEQ3M29XeXJFdklleVNncnk1Nm9FTUhYTWV4TXYKOSs4aXFzbERLekdQSWpaaFRVTnplRDFMMVpXUktkZmpoTXZkWXBIVDdvT0QxLy9ubmorRVFGZGs5bjg5dldmSQpzcEhlTmF1N2lES2dOOU45Wkg5U2h6SzZQK1NIVDdBRXZMakZHUXVlNnlhN2VIcUhURHZZKzlBY0RtSGRvSG5QCnh0TElQSGQ4R0ZSVnR4ZjA2eXl0d1JMR2ptTUhZR3pibGI0bHVFTGpGUWJtT1laRE50aFZEOSt4ZFNIckxseUwKZE5RQ1hHQXFyNjlkCi0tLS0tRU5EIENFUlRJRklDQVRFLS0tLS0K"
              }
            ],
            "cluster_id": null,
            "compute_config": [],
            "created_at": "2025-05-22T05:00:19Z",
            "enabled_cluster_log_types": null,
            "encryption_config": [],
            "endpoint": "https://354D626D122D20899EE5B3E71C856604.gr7.us-east-1.eks.amazonaws.com",
            "force_update_version": null,
            "id": "my-eks-cluster",
            "identity": [
              {
                "oidc": [
                  {
                    "issuer": "https://oidc.eks.us-east-1.amazonaws.com/id/354D626D122D20899EE5B3E71C856604"
                  }
                ]
              }
            ],
            "kubernetes_network_config": [
              {
                "elastic_load_balancing": [
                  {
                    "enabled": false
                  }
                ],
                "ip_family": "ipv4",
                "service_ipv4_cidr": "172.20.0.0/16",
                "service_ipv6_cidr": ""
              }
            ],
            "name": "my-eks-cluster",
            "outpost_config": [],
            "platform_version": "eks.10",
            "remote_network_config": [],
            "role_arn": "arn:aws:iam::017820706788:role/eks-cluster-role",
            "status": "ACTIVE",
            "storage_config": [],
            "tags": {
              "Name": "my-eks-cluster",
              "Project": "my-project"
            },
            "tags_all": {
              "Name": "my-eks-cluster",
              "Project": "my-project"
            },
            "timeouts": null,
            "upgrade_policy": [
              {
                "support_type": "EXTENDED"
              }
            ],
            "version": "1.32",
            "vpc_config": [
              {
                "cluster_security_group_id": "sg-08a19d9404e92060e",
                "endpoint_private_access": false,
                "endpoint_public_access": true,
                "public_access_cidrs": [
                  "0.0.0.0/0"
                ],
                "security_group_ids": [
                  "sg-07dcee03f9f29ffba"
                ],
                "subnet_ids": [
                  "subnet-03a35c6440ae6a1f1",
                  "subnet-0e61a81df643f3776"
                ],
                "vpc_id": "vpc-02655caca5bc4feb2"
              }
            ],
            "zonal_shift_config": []
          },
          "sensitive_attributes": [],
          "private": "eyJlMmJmYjczMC1lY2FhLTExZTYtOGY4OC0zNDM2M2JjN2M0YzAiOnsiY3JlYXRlIjoxODAwMDAwMDAwMDAwLCJkZWxldGUiOjkwMDAwMDAwMDAwMCwidXBkYXRlIjozNjAwMDAwMDAwMDAwfSwic2NoZW1hX3ZlcnNpb24iOiIxIn0=",
          "dependencies": [
            "module.iam.aws_iam_role.eks_cluster_role",
            "module.vpc.aws_security_group.eks_cluster_sg",
            "module.vpc.aws_subnet.private",
            "module.vpc.aws_vpc.main"
          ]
        }
      ]
    },
    {
      "module": "module.eks",
      "mode": "managed",
      "type": "aws_eks_node_group",
      "name": "eks_nodes",
      "provider": "provider[\"registry.terraform.io/hashicorp/aws\"]",
      "instances": [
        {
          "schema_version": 0,
          "attributes": {
            "ami_type": "AL2023_x86_64_STANDARD",
            "arn": "arn:aws:eks:us-east-1:017820706788:nodegroup/my-eks-cluster/my-eks-cluster-ng/b6cb7b31-aef6-bee2-6c37-6817b4687fa9",
            "capacity_type": "ON_DEMAND",
            "cluster_name": "my-eks-cluster",
            "disk_size": 20,
            "force_update_version": null,
            "id": "my-eks-cluster:my-eks-cluster-ng",
            "instance_types": [
              "t3.medium"
            ],
            "labels": null,
            "launch_template": [],
            "node_group_name": "my-eks-cluster-ng",
            "node_group_name_prefix": "",
            "node_repair_config": [],
            "node_role_arn": "arn:aws:iam::017820706788:role/eks-node-role",
            "release_version": "1.32.3-20250514",
            "remote_access": [],
            "resources": [
              {
                "autoscaling_groups": [
                  {
                    "name": "eks-my-eks-cluster-ng-b6cb7b31-aef6-bee2-6c37-6817b4687fa9"
                  }
                ],
                "remote_access_security_group_id": ""
              }
            ],
            "scaling_config": [
              {
                "desired_size": 2,
                "max_size": 3,
                "min_size": 1
              }
            ],
            "status": "ACTIVE",
            "subnet_ids": [
              "subnet-03a35c6440ae6a1f1",
              "subnet-0e61a81df643f3776"
            ],
            "tags": {
              "Name": "my-eks-nodegroup",
              "Project": "my-project"
            },
            "tags_all": {
              "Name": "my-eks-nodegroup",
              "Project": "my-project"
            },
            "taint": [],
            "timeouts": null,
            "update_config": [
              {
                "max_unavailable": 1,
                "max_unavailable_percentage": 0
              }
            ],
            "version": "1.32"
          },
          "sensitive_attributes": [],
          "private": "eyJlMmJmYjczMC1lY2FhLTExZTYtOGY4OC0zNDM2M2JjN2M0YzAiOnsiY3JlYXRlIjozNjAwMDAwMDAwMDAwLCJkZWxldGUiOjM2MDAwMDAwMDAwMDAsInVwZGF0ZSI6MzYwMDAwMDAwMDAwMH19",
          "dependencies": [
            "module.eks.aws_eks_cluster.eks_cluster",
            "module.iam.aws_iam_role.eks_cluster_role",
            "module.iam.aws_iam_role.eks_node_role",
            "module.vpc.aws_security_group.eks_cluster_sg",
            "module.vpc.aws_subnet.private",
            "module.vpc.aws_vpc.main"
          ]
        }
      ]
    },
    {
      "module": "module.iam",
      "mode": "managed",
      "type": "aws_iam_role",
      "name": "eks_cluster_role",
      "provider": "provider[\"registry.terraform.io/hashicorp/aws\"]",
      "instances": [
        {
          "schema_version": 0,
          "attributes": {
            "arn": "arn:aws:iam::017820706788:role/eks-cluster-role",
            "assume_role_policy": "{\"Statement\":[{\"Action\":\"sts:AssumeRole\",\"Effect\":\"Allow\",\"Principal\":{\"Service\":\"eks.amazonaws.com\"}}],\"Version\":\"2012-10-17\"}",
            "create_date": "2025-05-22T04:59:57Z",
            "description": "",
            "force_detach_policies": false,
            "id": "eks-cluster-role",
            "inline_policy": [],
            "managed_policy_arns": [],
            "max_session_duration": 3600,
            "name": "eks-cluster-role",
            "name_prefix": "",
            "path": "/",
            "permissions_boundary": "",
            "tags": null,
            "tags_all": {},
            "unique_id": "AROAQIJRSM7SFXJNPKUNE"
          },
          "sensitive_attributes": [],
          "private": "bnVsbA=="
        }
      ]
    },
    {
      "module": "module.iam",
      "mode": "managed",
      "type": "aws_iam_role",
      "name": "eks_node_role",
      "provider": "provider[\"registry.terraform.io/hashicorp/aws\"]",
      "instances": [
        {
          "schema_version": 0,
          "attributes": {
            "arn": "arn:aws:iam::017820706788:role/eks-node-role",
            "assume_role_policy": "{\"Statement\":[{\"Action\":\"sts:AssumeRole\",\"Effect\":\"Allow\",\"Principal\":{\"Service\":\"ec2.amazonaws.com\"}}],\"Version\":\"2012-10-17\"}",
            "create_date": "2025-05-22T04:59:57Z",
            "description": "",
            "force_detach_policies": false,
            "id": "eks-node-role",
            "inline_policy": [],
            "managed_policy_arns": [],
            "max_session_duration": 3600,
            "name": "eks-node-role",
            "name_prefix": "",
            "path": "/",
            "permissions_boundary": "",
            "tags": null,
            "tags_all": {},
            "unique_id": "AROAQIJRSM7SL5RG7MYZM"
          },
          "sensitive_attributes": [],
          "private": "bnVsbA=="
        }
      ]
    },
    {
      "module": "module.iam",
      "mode": "managed",
      "type": "aws_iam_role_policy_attachment",
      "name": "cni_policy",
      "provider": "provider[\"registry.terraform.io/hashicorp/aws\"]",
      "instances": [
        {
          "schema_version": 0,
          "attributes": {
            "id": "eks-node-role-20250522045959866900000003",
            "policy_arn": "arn:aws:iam::aws:policy/AmazonEKS_CNI_Policy",
            "role": "eks-node-role"
          },
          "sensitive_attributes": [],
          "private": "bnVsbA==",
          "dependencies": [
            "module.iam.aws_iam_role.eks_node_role"
          ]
        }
      ]
    },
    {
      "module": "module.iam",
      "mode": "managed",
      "type": "aws_iam_role_policy_attachment",
      "name": "ecr_read_policy",
      "provider": "provider[\"registry.terraform.io/hashicorp/aws\"]",
      "instances": [
        {
          "schema_version": 0,
          "attributes": {
            "id": "eks-node-role-20250522050000130900000005",
            "policy_arn": "arn:aws:iam::aws:policy/AmazonEC2ContainerRegistryReadOnly",
            "role": "eks-node-role"
          },
          "sensitive_attributes": [],
          "private": "bnVsbA==",
          "dependencies": [
            "module.iam.aws_iam_role.eks_node_role"
          ]
        }
      ]
    },
    {
      "module": "module.iam",
      "mode": "managed",
      "type": "aws_iam_role_policy_attachment",
      "name": "eks_cluster_policy",
      "provider": "provider[\"registry.terraform.io/hashicorp/aws\"]",
      "instances": [
        {
          "schema_version": 0,
          "attributes": {
            "id": "eks-cluster-role-20250522045959579200000001",
            "policy_arn": "arn:aws:iam::aws:policy/AmazonEKSClusterPolicy",
            "role": "eks-cluster-role"
          },
          "sensitive_attributes": [],
          "private": "bnVsbA==",
          "dependencies": [
            "module.iam.aws_iam_role.eks_cluster_role"
          ]
        }
      ]
    },
    {
      "module": "module.iam",
      "mode": "managed",
      "type": "aws_iam_role_policy_attachment",
      "name": "eks_ssm_policy",
      "provider": "provider[\"registry.terraform.io/hashicorp/aws\"]",
      "instances": [
        {
          "schema_version": 0,
          "attributes": {
            "id": "eks-node-role-20250522050000298200000006",
            "policy_arn": "arn:aws:iam::aws:policy/AmazonSSMManagedInstanceCore",
            "role": "eks-node-role"
          },
          "sensitive_attributes": [],
          "private": "bnVsbA==",
          "dependencies": [
            "module.iam.aws_iam_role.eks_node_role"
          ]
        }
      ]
    },
    {
      "module": "module.iam",
      "mode": "managed",
      "type": "aws_iam_role_policy_attachment",
      "name": "eks_vpc_resource_controller",
      "provider": "provider[\"registry.terraform.io/hashicorp/aws\"]",
      "instances": [
        {
          "schema_version": 0,
          "attributes": {
            "id": "eks-cluster-role-20250522045959725500000002",
            "policy_arn": "arn:aws:iam::aws:policy/AmazonEKSVPCResourceController",
            "role": "eks-cluster-role"
          },
          "sensitive_attributes": [],
          "private": "bnVsbA==",
          "dependencies": [
            "module.iam.aws_iam_role.eks_cluster_role"
          ]
        }
      ]
    },
    {
      "module": "module.iam",
      "mode": "managed",
      "type": "aws_iam_role_policy_attachment",
      "name": "worker_node_policy",
      "provider": "provider[\"registry.terraform.io/hashicorp/aws\"]",
      "instances": [
        {
          "schema_version": 0,
          "attributes": {
            "id": "eks-node-role-20250522050000025100000004",
            "policy_arn": "arn:aws:iam::aws:policy/AmazonEKSWorkerNodePolicy",
            "role": "eks-node-role"
          },
          "sensitive_attributes": [],
          "private": "bnVsbA==",
          "dependencies": [
            "module.iam.aws_iam_role.eks_node_role"
          ]
        }
      ]
    },
    {
      "module": "module.rds",
      "mode": "managed",
      "type": "aws_db_instance",
      "name": "rds",
      "provider": "provider[\"registry.terraform.io/hashicorp/aws\"]",
      "instances": [
        {
          "schema_version": 2,
          "attributes": {
            "address": "my-db.cz6ecsuycumr.us-east-1.rds.amazonaws.com",
            "allocated_storage": 20,
            "allow_major_version_upgrade": null,
            "apply_immediately": false,
            "arn": "arn:aws:rds:us-east-1:017820706788:db:my-db",
            "auto_minor_version_upgrade": true,
            "availability_zone": "us-east-1b",
            "backup_retention_period": 0,
            "backup_target": "region",
            "backup_window": "04:24-04:54",
            "blue_green_update": [],
            "ca_cert_identifier": "rds-ca-rsa2048-g1",
            "character_set_name": "",
            "copy_tags_to_snapshot": false,
            "custom_iam_instance_profile": "",
            "customer_owned_ip_enabled": false,
            "database_insights_mode": "standard",
            "db_name": "",
            "db_subnet_group_name": "rds-subnet-group",
            "dedicated_log_volume": false,
            "delete_automated_backups": true,
            "deletion_protection": false,
            "domain": "",
            "domain_auth_secret_arn": "",
            "domain_dns_ips": null,
            "domain_fqdn": "",
            "domain_iam_role_name": "",
            "domain_ou": "",
            "enabled_cloudwatch_logs_exports": null,
            "endpoint": "my-db.cz6ecsuycumr.us-east-1.rds.amazonaws.com:5432",
            "engine": "postgres",
            "engine_lifecycle_support": "open-source-rds-extended-support",
            "engine_version": "15",
            "engine_version_actual": "15.10",
            "final_snapshot_identifier": null,
            "hosted_zone_id": "Z2R2ITUGPM61AM",
            "iam_database_authentication_enabled": false,
            "id": "db-NMJXLGCQX62BI5XE222WQEO754",
            "identifier": "my-db",
            "identifier_prefix": "",
            "instance_class": "db.t3.micro",
            "iops": 0,
            "kms_key_id": "",
            "latest_restorable_time": "",
            "license_model": "postgresql-license",
            "listener_endpoint": [],
            "maintenance_window": "mon:09:39-mon:10:09",
            "manage_master_user_password": null,
            "master_user_secret": [],
            "master_user_secret_kms_key_id": null,
            "max_allocated_storage": 0,
            "monitoring_interval": 0,
            "monitoring_role_arn": "",
            "multi_az": false,
            "nchar_character_set_name": "",
            "network_type": "IPV4",
            "option_group_name": "default:postgres-15",
            "parameter_group_name": "default.postgres15",
            "password": "mysql12345",
            "password_wo": null,
            "password_wo_version": null,
            "performance_insights_enabled": false,
            "performance_insights_kms_key_id": "",
            "performance_insights_retention_period": 0,
            "port": 5432,
            "publicly_accessible": true,
            "replica_mode": "",
            "replicas": [],
            "replicate_source_db": "",
            "resource_id": "db-NMJXLGCQX62BI5XE222WQEO754",
            "restore_to_point_in_time": [],
            "s3_import": [],
            "skip_final_snapshot": true,
            "snapshot_identifier": null,
            "status": "available",
            "storage_encrypted": false,
            "storage_throughput": 0,
            "storage_type": "gp2",
            "tags": {
              "Name": "my-db",
              "Project": "my-project"
            },
            "tags_all": {
              "Name": "my-db",
              "Project": "my-project"
            },
            "timeouts": null,
            "timezone": "",
            "upgrade_storage_config": null,
            "username": "dbadmin",
            "vpc_security_group_ids": [
              "sg-09be9a6f783d90b01"
            ]
          },
          "sensitive_attributes": [
            [
              {
                "type": "get_attr",
                "value": "password"
              }
            ],
            [
              {
                "type": "get_attr",
                "value": "password_wo"
              }
            ]
          ],
          "private": "eyJlMmJmYjczMC1lY2FhLTExZTYtOGY4OC0zNDM2M2JjN2M0YzAiOnsiY3JlYXRlIjozMDAwMDAwMDAwMDAwLCJkZWxldGUiOjM2MDAwMDAwMDAwMDAsInVwZGF0ZSI6NDgwMDAwMDAwMDAwMH0sInNjaGVtYV92ZXJzaW9uIjoiMiJ9",
          "dependencies": [
            "module.rds.aws_db_subnet_group.rds_subnet_group",
            "module.vpc.aws_security_group.vpc_sg",
            "module.vpc.aws_subnet.public",
            "module.vpc.aws_vpc.main"
          ]
        }
      ]
    },
    {
      "module": "module.rds",
      "mode": "managed",
      "type": "aws_db_subnet_group",
      "name": "rds_subnet_group",
      "provider": "provider[\"registry.terraform.io/hashicorp/aws\"]",
      "instances": [
        {
          "schema_version": 0,
          "attributes": {
            "arn": "arn:aws:rds:us-east-1:017820706788:subgrp:rds-subnet-group",
            "description": "Managed by Terraform",
            "id": "rds-subnet-group",
            "name": "rds-subnet-group",
            "name_prefix": "",
            "subnet_ids": [
              "subnet-076695a7f3e35748c",
              "subnet-07b756807711b80ac"
            ],
            "supported_network_types": [
              "IPV4"
            ],
            "tags": {
              "Name": "rds-subnet-group",
              "Project": "my-project"
            },
            "tags_all": {
              "Name": "rds-subnet-group",
              "Project": "my-project"
            },
            "vpc_id": "vpc-02655caca5bc4feb2"
          },
          "sensitive_attributes": [],
          "private": "bnVsbA==",
          "dependencies": [
            "module.vpc.aws_subnet.public",
            "module.vpc.aws_vpc.main"
          ]
        }
      ]
    },
    {
      "module": "module.redis",
      "mode": "managed",
      "type": "aws_elasticache_replication_group",
      "name": "redis",
      "provider": "provider[\"registry.terraform.io/hashicorp/aws\"]",
      "instances": [
        {
          "schema_version": 2,
          "attributes": {
            "apply_immediately": null,
            "arn": "arn:aws:elasticache:us-east-1:017820706788:replicationgroup:my-redis",
            "at_rest_encryption_enabled": "false",
            "auth_token": "",
            "auth_token_update_strategy": "ROTATE",
            "auto_minor_version_upgrade": "true",
            "automatic_failover_enabled": true,
            "cluster_enabled": false,
            "cluster_mode": "disabled",
            "configuration_endpoint_address": null,
            "data_tiering_enabled": false,
            "description": "Redis replication group",
            "engine": "redis",
            "engine_version": "7.0",
            "engine_version_actual": "7.0.7",
            "final_snapshot_identifier": null,
            "global_replication_group_id": null,
            "id": "my-redis",
            "ip_discovery": "ipv4",
            "kms_key_id": "",
            "log_delivery_configuration": [],
            "maintenance_window": "tue:03:30-tue:04:30",
            "member_clusters": [
              "my-redis-001",
              "my-redis-002",
              "my-redis-003"
            ],
            "multi_az_enabled": true,
            "network_type": "ipv4",
            "node_type": "cache.t3.micro",
            "notification_topic_arn": null,
            "num_cache_clusters": 3,
            "num_node_groups": 1,
            "parameter_group_name": "default.redis7",
            "port": 6379,
            "preferred_cache_cluster_azs": null,
            "primary_endpoint_address": "my-redis.lnsn8f.ng.0001.use1.cache.amazonaws.com",
            "reader_endpoint_address": "my-redis-ro.lnsn8f.ng.0001.use1.cache.amazonaws.com",
            "replicas_per_node_group": 2,
            "replication_group_id": "my-redis",
            "security_group_ids": [
              "sg-0a10c93926e5464ce"
            ],
            "security_group_names": [],
            "snapshot_arns": null,
            "snapshot_name": null,
            "snapshot_retention_limit": 0,
            "snapshot_window": "04:30-05:30",
            "subnet_group_name": "redis-subnet-group",
            "tags": {
              "Name": "my-redis",
              "Project": "my-project"
            },
            "tags_all": {
              "Name": "my-redis",
              "Project": "my-project"
            },
            "timeouts": null,
            "transit_encryption_enabled": false,
            "transit_encryption_mode": "",
            "user_group_ids": null
          },
          "sensitive_attributes": [
            [
              {
                "type": "get_attr",
                "value": "auth_token"
              }
            ]
          ],
          "private": "eyJlMmJmYjczMC1lY2FhLTExZTYtOGY4OC0zNDM2M2JjN2M0YzAiOnsiY3JlYXRlIjozNjAwMDAwMDAwMDAwLCJkZWxldGUiOjI3MDAwMDAwMDAwMDAsInVwZGF0ZSI6MjQwMDAwMDAwMDAwMH0sInNjaGVtYV92ZXJzaW9uIjoiMiJ9",
          "dependencies": [
            "module.redis.aws_elasticache_subnet_group.redis",
            "module.redis.aws_security_group.redis_sg",
            "module.vpc.aws_subnet.private",
            "module.vpc.aws_vpc.main"
          ]
        }
      ]
    },
    {
      "module": "module.redis",
      "mode": "managed",
      "type": "aws_elasticache_subnet_group",
      "name": "redis",
      "provider": "provider[\"registry.terraform.io/hashicorp/aws\"]",
      "instances": [
        {
          "schema_version": 0,
          "attributes": {
            "arn": "arn:aws:elasticache:us-east-1:017820706788:subnetgroup:redis-subnet-group",
            "description": "Managed by Terraform",
            "id": "redis-subnet-group",
            "name": "redis-subnet-group",
            "subnet_ids": [
              "subnet-03a35c6440ae6a1f1",
              "subnet-0e61a81df643f3776"
            ],
            "tags": {
              "Name": "redis-subnet-group",
              "Project": "my-project"
            },
            "tags_all": {
              "Name": "redis-subnet-group",
              "Project": "my-project"
            },
            "vpc_id": "vpc-02655caca5bc4feb2"
          },
          "sensitive_attributes": [],
          "private": "bnVsbA==",
          "dependencies": [
            "module.vpc.aws_subnet.private",
            "module.vpc.aws_vpc.main"
          ]
        }
      ]
    },
    {
      "module": "module.redis",
      "mode": "managed",
      "type": "aws_security_group",
      "name": "redis_sg",
      "provider": "provider[\"registry.terraform.io/hashicorp/aws\"]",
      "instances": [
        {
          "schema_version": 1,
          "attributes": {
            "arn": "arn:aws:ec2:us-east-1:017820706788:security-group/sg-0a10c93926e5464ce",
            "description": "Allow Redis access",
            "egress": [
              {
                "cidr_blocks": [
                  "0.0.0.0/0"
                ],
                "description": "",
                "from_port": 0,
                "ipv6_cidr_blocks": [],
                "prefix_list_ids": [],
                "protocol": "-1",
                "security_groups": [],
                "self": false,
                "to_port": 0
              }
            ],
            "id": "sg-0a10c93926e5464ce",
            "ingress": [
              {
                "cidr_blocks": [
                  "10.0.0.0/16"
                ],
                "description": "",
                "from_port": 6379,
                "ipv6_cidr_blocks": [],
                "prefix_list_ids": [],
                "protocol": "tcp",
                "security_groups": [],
                "self": false,
                "to_port": 6379
              }
            ],
            "name": "redis-sg",
            "name_prefix": "",
            "owner_id": "017820706788",
            "revoke_rules_on_delete": false,
            "tags": {
              "Name": "redis-sg",
              "Project": "my-project"
            },
            "tags_all": {
              "Name": "redis-sg",
              "Project": "my-project"
            },
            "timeouts": null,
            "vpc_id": "vpc-02655caca5bc4feb2"
          },
          "sensitive_attributes": [],
          "private": "eyJlMmJmYjczMC1lY2FhLTExZTYtOGY4OC0zNDM2M2JjN2M0YzAiOnsiY3JlYXRlIjo2MDAwMDAwMDAwMDAsImRlbGV0ZSI6OTAwMDAwMDAwMDAwfSwic2NoZW1hX3ZlcnNpb24iOiIxIn0=",
          "dependencies": [
            "module.vpc.aws_vpc.main"
          ]
        }
      ]
    },
    {
      "module": "module.vpc",
      "mode": "managed",
      "type": "aws_eip",
      "name": "nat",
      "provider": "provider[\"registry.terraform.io/hashicorp/aws\"]",
      "instances": [
        {
          "schema_version": 0,
          "attributes": {
            "address": null,
            "allocation_id": "eipalloc-0585bbcef37f63de8",
            "arn": "arn:aws:ec2:us-east-1:017820706788:elastic-ip/eipalloc-0585bbcef37f63de8",
            "associate_with_private_ip": null,
            "association_id": "",
            "carrier_ip": "",
            "customer_owned_ip": "",
            "customer_owned_ipv4_pool": "",
            "domain": "vpc",
            "id": "eipalloc-0585bbcef37f63de8",
            "instance": "",
            "ipam_pool_id": null,
            "network_border_group": "us-east-1",
            "network_interface": "",
            "private_dns": null,
            "private_ip": "",
            "ptr_record": "",
            "public_dns": "ec2-34-205-212-219.compute-1.amazonaws.com",
            "public_ip": "34.205.212.219",
            "public_ipv4_pool": "amazon",
            "tags": null,
            "tags_all": {},
            "timeouts": null,
            "vpc": true
          },
          "sensitive_attributes": [],
          "private": "eyJlMmJmYjczMC1lY2FhLTExZTYtOGY4OC0zNDM2M2JjN2M0YzAiOnsiZGVsZXRlIjoxODAwMDAwMDAwMDAsInJlYWQiOjkwMDAwMDAwMDAwMCwidXBkYXRlIjozMDAwMDAwMDAwMDB9fQ=="
        }
      ]
    },
    {
      "module": "module.vpc",
      "mode": "managed",
      "type": "aws_internet_gateway",
      "name": "igw",
      "provider": "provider[\"registry.terraform.io/hashicorp/aws\"]",
      "instances": [
        {
          "schema_version": 0,
          "attributes": {
            "arn": "arn:aws:ec2:us-east-1:017820706788:internet-gateway/igw-03aa3a85ce0da7f64",
            "id": "igw-03aa3a85ce0da7f64",
            "owner_id": "017820706788",
            "tags": {
              "Name": "my-vpc-igw",
              "Project": "my-project"
            },
            "tags_all": {
              "Name": "my-vpc-igw",
              "Project": "my-project"
            },
            "timeouts": null,
            "vpc_id": "vpc-02655caca5bc4feb2"
          },
          "sensitive_attributes": [],
          "private": "eyJlMmJmYjczMC1lY2FhLTExZTYtOGY4OC0zNDM2M2JjN2M0YzAiOnsiY3JlYXRlIjoxMjAwMDAwMDAwMDAwLCJkZWxldGUiOjEyMDAwMDAwMDAwMDAsInVwZGF0ZSI6MTIwMDAwMDAwMDAwMH19",
          "dependencies": [
            "module.vpc.aws_vpc.main"
          ]
        }
      ]
    },
    {
      "module": "module.vpc",
      "mode": "managed",
      "type": "aws_nat_gateway",
      "name": "nat",
      "provider": "provider[\"registry.terraform.io/hashicorp/aws\"]",
      "instances": [
        {
          "schema_version": 0,
          "attributes": {
            "allocation_id": "eipalloc-0585bbcef37f63de8",
            "association_id": "eipassoc-0e281a3b2302406b8",
            "connectivity_type": "public",
            "id": "nat-08c58971a60c617c9",
            "network_interface_id": "eni-081c39346b95a7a5d",
            "private_ip": "10.0.1.160",
            "public_ip": "34.205.212.219",
            "secondary_allocation_ids": null,
            "secondary_private_ip_address_count": 0,
            "secondary_private_ip_addresses": [],
            "subnet_id": "subnet-07b756807711b80ac",
            "tags": {
              "Name": "my-vpc-ngw",
              "Project": "my-project"
            },
            "tags_all": {
              "Name": "my-vpc-ngw",
              "Project": "my-project"
            },
            "timeouts": null
          },
          "sensitive_attributes": [],
          "private": "eyJlMmJmYjczMC1lY2FhLTExZTYtOGY4OC0zNDM2M2JjN2M0YzAiOnsiY3JlYXRlIjo2MDAwMDAwMDAwMDAsImRlbGV0ZSI6MTgwMDAwMDAwMDAwMCwidXBkYXRlIjo2MDAwMDAwMDAwMDB9fQ==",
          "dependencies": [
            "module.vpc.aws_eip.nat",
            "module.vpc.aws_subnet.public",
            "module.vpc.aws_vpc.main"
          ]
        }
      ]
    },
    {
      "module": "module.vpc",
      "mode": "managed",
      "type": "aws_route",
      "name": "private_nat",
      "provider": "provider[\"registry.terraform.io/hashicorp/aws\"]",
      "instances": [
        {
          "schema_version": 0,
          "attributes": {
            "carrier_gateway_id": "",
            "core_network_arn": "",
            "destination_cidr_block": "0.0.0.0/0",
            "destination_ipv6_cidr_block": "",
            "destination_prefix_list_id": "",
            "egress_only_gateway_id": "",
            "gateway_id": "",
            "id": "r-rtb-079d6a2507e655a441080289494",
            "instance_id": "",
            "instance_owner_id": "",
            "local_gateway_id": "",
            "nat_gateway_id": "nat-08c58971a60c617c9",
            "network_interface_id": "",
            "origin": "CreateRoute",
            "route_table_id": "rtb-079d6a2507e655a44",
            "state": "active",
            "timeouts": null,
            "transit_gateway_id": "",
            "vpc_endpoint_id": "",
            "vpc_peering_connection_id": ""
          },
          "sensitive_attributes": [],
          "private": "eyJlMmJmYjczMC1lY2FhLTExZTYtOGY4OC0zNDM2M2JjN2M0YzAiOnsiY3JlYXRlIjozMDAwMDAwMDAwMDAsImRlbGV0ZSI6MzAwMDAwMDAwMDAwLCJ1cGRhdGUiOjEyMDAwMDAwMDAwMH19",
          "dependencies": [
            "module.vpc.aws_eip.nat",
            "module.vpc.aws_nat_gateway.nat",
            "module.vpc.aws_route_table.private",
            "module.vpc.aws_subnet.public",
            "module.vpc.aws_vpc.main"
          ]
        }
      ]
    },
    {
      "module": "module.vpc",
      "mode": "managed",
      "type": "aws_route",
      "name": "public_internet_access",
      "provider": "provider[\"registry.terraform.io/hashicorp/aws\"]",
      "instances": [
        {
          "schema_version": 0,
          "attributes": {
            "carrier_gateway_id": "",
            "core_network_arn": "",
            "destination_cidr_block": "0.0.0.0/0",
            "destination_ipv6_cidr_block": "",
            "destination_prefix_list_id": "",
            "egress_only_gateway_id": "",
            "gateway_id": "igw-03aa3a85ce0da7f64",
            "id": "r-rtb-0bdcc9678794120fd1080289494",
            "instance_id": "",
            "instance_owner_id": "",
            "local_gateway_id": "",
            "nat_gateway_id": "",
            "network_interface_id": "",
            "origin": "CreateRoute",
            "route_table_id": "rtb-0bdcc9678794120fd",
            "state": "active",
            "timeouts": null,
            "transit_gateway_id": "",
            "vpc_endpoint_id": "",
            "vpc_peering_connection_id": ""
          },
          "sensitive_attributes": [],
          "private": "eyJlMmJmYjczMC1lY2FhLTExZTYtOGY4OC0zNDM2M2JjN2M0YzAiOnsiY3JlYXRlIjozMDAwMDAwMDAwMDAsImRlbGV0ZSI6MzAwMDAwMDAwMDAwLCJ1cGRhdGUiOjEyMDAwMDAwMDAwMH19",
          "dependencies": [
            "module.vpc.aws_internet_gateway.igw",
            "module.vpc.aws_route_table.public",
            "module.vpc.aws_vpc.main"
          ]
        }
      ]
    },
    {
      "module": "module.vpc",
      "mode": "managed",
      "type": "aws_route_table",
      "name": "private",
      "provider": "provider[\"registry.terraform.io/hashicorp/aws\"]",
      "instances": [
        {
          "schema_version": 0,
          "attributes": {
            "arn": "arn:aws:ec2:us-east-1:017820706788:route-table/rtb-079d6a2507e655a44",
            "id": "rtb-079d6a2507e655a44",
            "owner_id": "017820706788",
            "propagating_vgws": [],
            "route": [],
            "tags": {
              "Name": "my-vpc-private-routetable",
              "Project": "my-project"
            },
            "tags_all": {
              "Name": "my-vpc-private-routetable",
              "Project": "my-project"
            },
            "timeouts": null,
            "vpc_id": "vpc-02655caca5bc4feb2"
          },
          "sensitive_attributes": [],
          "private": "eyJlMmJmYjczMC1lY2FhLTExZTYtOGY4OC0zNDM2M2JjN2M0YzAiOnsiY3JlYXRlIjozMDAwMDAwMDAwMDAsImRlbGV0ZSI6MzAwMDAwMDAwMDAwLCJ1cGRhdGUiOjEyMDAwMDAwMDAwMH19",
          "dependencies": [
            "module.vpc.aws_vpc.main"
          ]
        }
      ]
    },
    {
      "module": "module.vpc",
      "mode": "managed",
      "type": "aws_route_table",
      "name": "public",
      "provider": "provider[\"registry.terraform.io/hashicorp/aws\"]",
      "instances": [
        {
          "schema_version": 0,
          "attributes": {
            "arn": "arn:aws:ec2:us-east-1:017820706788:route-table/rtb-0bdcc9678794120fd",
            "id": "rtb-0bdcc9678794120fd",
            "owner_id": "017820706788",
            "propagating_vgws": [],
            "route": [],
            "tags": {
              "Name": "my-vpc-public-rotetable",
              "Project": "my-project"
            },
            "tags_all": {
              "Name": "my-vpc-public-rotetable",
              "Project": "my-project"
            },
            "timeouts": null,
            "vpc_id": "vpc-02655caca5bc4feb2"
          },
          "sensitive_attributes": [],
          "private": "eyJlMmJmYjczMC1lY2FhLTExZTYtOGY4OC0zNDM2M2JjN2M0YzAiOnsiY3JlYXRlIjozMDAwMDAwMDAwMDAsImRlbGV0ZSI6MzAwMDAwMDAwMDAwLCJ1cGRhdGUiOjEyMDAwMDAwMDAwMH19",
          "dependencies": [
            "module.vpc.aws_vpc.main"
          ]
        }
      ]
    },
    {
      "module": "module.vpc",
      "mode": "managed",
      "type": "aws_route_table_association",
      "name": "private_assoc",
      "provider": "provider[\"registry.terraform.io/hashicorp/aws\"]",
      "instances": [
        {
          "index_key": 0,
          "schema_version": 0,
          "attributes": {
            "gateway_id": "",
            "id": "rtbassoc-00d733de916b4b5e5",
            "route_table_id": "rtb-079d6a2507e655a44",
            "subnet_id": "subnet-03a35c6440ae6a1f1",
            "timeouts": null
          },
          "sensitive_attributes": [],
          "private": "eyJlMmJmYjczMC1lY2FhLTExZTYtOGY4OC0zNDM2M2JjN2M0YzAiOnsiY3JlYXRlIjozMDAwMDAwMDAwMDAsImRlbGV0ZSI6MzAwMDAwMDAwMDAwLCJ1cGRhdGUiOjEyMDAwMDAwMDAwMH19",
          "dependencies": [
            "module.vpc.aws_route_table.private",
            "module.vpc.aws_subnet.private",
            "module.vpc.aws_vpc.main"
          ]
        },
        {
          "index_key": 1,
          "schema_version": 0,
          "attributes": {
            "gateway_id": "",
            "id": "rtbassoc-0c6c7583de7d2aaa8",
            "route_table_id": "rtb-079d6a2507e655a44",
            "subnet_id": "subnet-0e61a81df643f3776",
            "timeouts": null
          },
          "sensitive_attributes": [],
          "private": "eyJlMmJmYjczMC1lY2FhLTExZTYtOGY4OC0zNDM2M2JjN2M0YzAiOnsiY3JlYXRlIjozMDAwMDAwMDAwMDAsImRlbGV0ZSI6MzAwMDAwMDAwMDAwLCJ1cGRhdGUiOjEyMDAwMDAwMDAwMH19",
          "dependencies": [
            "module.vpc.aws_route_table.private",
            "module.vpc.aws_subnet.private",
            "module.vpc.aws_vpc.main"
          ]
        }
      ]
    },
    {
      "module": "module.vpc",
      "mode": "managed",
      "type": "aws_route_table_association",
      "name": "public_assoc",
      "provider": "provider[\"registry.terraform.io/hashicorp/aws\"]",
      "instances": [
        {
          "index_key": 0,
          "schema_version": 0,
          "attributes": {
            "gateway_id": "",
            "id": "rtbassoc-0c7494960e056c79e",
            "route_table_id": "rtb-0bdcc9678794120fd",
            "subnet_id": "subnet-07b756807711b80ac",
            "timeouts": null
          },
          "sensitive_attributes": [],
          "private": "eyJlMmJmYjczMC1lY2FhLTExZTYtOGY4OC0zNDM2M2JjN2M0YzAiOnsiY3JlYXRlIjozMDAwMDAwMDAwMDAsImRlbGV0ZSI6MzAwMDAwMDAwMDAwLCJ1cGRhdGUiOjEyMDAwMDAwMDAwMH19",
          "dependencies": [
            "module.vpc.aws_route_table.public",
            "module.vpc.aws_subnet.public",
            "module.vpc.aws_vpc.main"
          ]
        },
        {
          "index_key": 1,
          "schema_version": 0,
          "attributes": {
            "gateway_id": "",
            "id": "rtbassoc-037cf38b9cec71172",
            "route_table_id": "rtb-0bdcc9678794120fd",
            "subnet_id": "subnet-076695a7f3e35748c",
            "timeouts": null
          },
          "sensitive_attributes": [],
          "private": "eyJlMmJmYjczMC1lY2FhLTExZTYtOGY4OC0zNDM2M2JjN2M0YzAiOnsiY3JlYXRlIjozMDAwMDAwMDAwMDAsImRlbGV0ZSI6MzAwMDAwMDAwMDAwLCJ1cGRhdGUiOjEyMDAwMDAwMDAwMH19",
          "dependencies": [
            "module.vpc.aws_route_table.public",
            "module.vpc.aws_subnet.public",
            "module.vpc.aws_vpc.main"
          ]
        }
      ]
    },
    {
      "module": "module.vpc",
      "mode": "managed",
      "type": "aws_security_group",
      "name": "eks_cluster_sg",
      "provider": "provider[\"registry.terraform.io/hashicorp/aws\"]",
      "instances": [
        {
          "schema_version": 1,
          "attributes": {
            "arn": "arn:aws:ec2:us-east-1:017820706788:security-group/sg-07dcee03f9f29ffba",
            "description": "Allow eks-access",
            "egress": [
              {
                "cidr_blocks": [
                  "0.0.0.0/0"
                ],
                "description": "",
                "from_port": 0,
                "ipv6_cidr_blocks": [],
                "prefix_list_ids": [],
                "protocol": "-1",
                "security_groups": [],
                "self": false,
                "to_port": 0
              }
            ],
            "id": "sg-07dcee03f9f29ffba",
            "ingress": [
              {
                "cidr_blocks": [
                  "0.0.0.0/0"
                ],
                "description": "",
                "from_port": 443,
                "ipv6_cidr_blocks": [],
                "prefix_list_ids": [],
                "protocol": "tcp",
                "security_groups": [],
                "self": false,
                "to_port": 443
              },
              {
                "cidr_blocks": [
                  "0.0.0.0/0"
                ],
                "description": "",
                "from_port": 80,
                "ipv6_cidr_blocks": [],
                "prefix_list_ids": [],
                "protocol": "tcp",
                "security_groups": [],
                "self": false,
                "to_port": 80
              }
            ],
            "name": "eks-sg",
            "name_prefix": "",
            "owner_id": "017820706788",
            "revoke_rules_on_delete": false,
            "tags": {
              "Name": "eks-cluster-sg"
            },
            "tags_all": {
              "Name": "eks-cluster-sg"
            },
            "timeouts": null,
            "vpc_id": "vpc-02655caca5bc4feb2"
          },
          "sensitive_attributes": [],
          "private": "eyJlMmJmYjczMC1lY2FhLTExZTYtOGY4OC0zNDM2M2JjN2M0YzAiOnsiY3JlYXRlIjo2MDAwMDAwMDAwMDAsImRlbGV0ZSI6OTAwMDAwMDAwMDAwfSwic2NoZW1hX3ZlcnNpb24iOiIxIn0=",
          "dependencies": [
            "module.vpc.aws_vpc.main"
          ]
        }
      ]
    },
    {
      "module": "module.vpc",
      "mode": "managed",
      "type": "aws_security_group",
      "name": "eks_node_sg",
      "provider": "provider[\"registry.terraform.io/hashicorp/aws\"]",
      "instances": [
        {
          "schema_version": 1,
          "attributes": {
            "arn": "arn:aws:ec2:us-east-1:017820706788:security-group/sg-09252beea3dacab64",
            "description": "Security group for EKS worker nodes",
            "egress": [
              {
                "cidr_blocks": [
                  "0.0.0.0/0"
                ],
                "description": "",
                "from_port": 0,
                "ipv6_cidr_blocks": [],
                "prefix_list_ids": [],
                "protocol": "-1",
                "security_groups": [],
                "self": false,
                "to_port": 0
              }
            ],
            "id": "sg-09252beea3dacab64",
            "ingress": [
              {
                "cidr_blocks": [
                  "0.0.0.0/0"
                ],
                "description": "Allow access to NodePort services (optional)",
                "from_port": 30000,
                "ipv6_cidr_blocks": [],
                "prefix_list_ids": [],
                "protocol": "tcp",
                "security_groups": [],
                "self": false,
                "to_port": 32767
              },
              {
                "cidr_blocks": [],
                "description": "Allow worker nodes to receive traffic from control plane",
                "from_port": 0,
                "ipv6_cidr_blocks": [],
                "prefix_list_ids": [],
                "protocol": "tcp",
                "security_groups": [
                  "sg-07dcee03f9f29ffba"
                ],
                "self": false,
                "to_port": 65535
              }
            ],
            "name": "eks-node-sg",
            "name_prefix": "",
            "owner_id": "017820706788",
            "revoke_rules_on_delete": false,
            "tags": {
              "Name": "eks-node-sg"
            },
            "tags_all": {
              "Name": "eks-node-sg"
            },
            "timeouts": null,
            "vpc_id": "vpc-02655caca5bc4feb2"
          },
          "sensitive_attributes": [],
          "private": "eyJlMmJmYjczMC1lY2FhLTExZTYtOGY4OC0zNDM2M2JjN2M0YzAiOnsiY3JlYXRlIjo2MDAwMDAwMDAwMDAsImRlbGV0ZSI6OTAwMDAwMDAwMDAwfSwic2NoZW1hX3ZlcnNpb24iOiIxIn0=",
          "dependencies": [
            "module.vpc.aws_security_group.eks_cluster_sg",
            "module.vpc.aws_vpc.main"
          ]
        }
      ]
    },
    {
      "module": "module.vpc",
      "mode": "managed",
      "type": "aws_security_group",
      "name": "vpc_sg",
      "provider": "provider[\"registry.terraform.io/hashicorp/aws\"]",
      "instances": [
        {
          "schema_version": 1,
          "attributes": {
            "arn": "arn:aws:ec2:us-east-1:017820706788:security-group/sg-09be9a6f783d90b01",
            "description": "Allow inbound traffic",
            "egress": [
              {
                "cidr_blocks": [
                  "0.0.0.0/0"
                ],
                "description": "",
                "from_port": 0,
                "ipv6_cidr_blocks": [],
                "prefix_list_ids": [],
                "protocol": "-1",
                "security_groups": [],
                "self": false,
                "to_port": 0
              }
            ],
            "id": "sg-09be9a6f783d90b01",
            "ingress": [
              {
                "cidr_blocks": [
                  "0.0.0.0/0"
                ],
                "description": "",
                "from_port": 22,
                "ipv6_cidr_blocks": [],
                "prefix_list_ids": [],
                "protocol": "tcp",
                "security_groups": [],
                "self": false,
                "to_port": 22
              },
              {
                "cidr_blocks": [
                  "0.0.0.0/0"
                ],
                "description": "",
                "from_port": 3306,
                "ipv6_cidr_blocks": [],
                "prefix_list_ids": [],
                "protocol": "tcp",
                "security_groups": [],
                "self": false,
                "to_port": 3306
              },
              {
                "cidr_blocks": [
                  "0.0.0.0/0"
                ],
                "description": "",
                "from_port": 443,
                "ipv6_cidr_blocks": [],
                "prefix_list_ids": [],
                "protocol": "tcp",
                "security_groups": [],
                "self": false,
                "to_port": 443
              },
              {
                "cidr_blocks": [
                  "0.0.0.0/0"
                ],
                "description": "",
                "from_port": 5432,
                "ipv6_cidr_blocks": [],
                "prefix_list_ids": [],
                "protocol": "tcp",
                "security_groups": [],
                "self": false,
                "to_port": 5432
              },
              {
                "cidr_blocks": [
                  "0.0.0.0/0"
                ],
                "description": "",
                "from_port": 8080,
                "ipv6_cidr_blocks": [],
                "prefix_list_ids": [],
                "protocol": "tcp",
                "security_groups": [],
                "self": false,
                "to_port": 8080
              },
              {
                "cidr_blocks": [
                  "0.0.0.0/0"
                ],
                "description": "",
                "from_port": 80,
                "ipv6_cidr_blocks": [],
                "prefix_list_ids": [],
                "protocol": "tcp",
                "security_groups": [],
                "self": false,
                "to_port": 80
              }
            ],
            "name": "vpc-security-group",
            "name_prefix": "",
            "owner_id": "017820706788",
            "revoke_rules_on_delete": false,
            "tags": {
              "Name": "my-vpc-public-sg",
              "Project": "my-project"
            },
            "tags_all": {
              "Name": "my-vpc-public-sg",
              "Project": "my-project"
            },
            "timeouts": null,
            "vpc_id": "vpc-02655caca5bc4feb2"
          },
          "sensitive_attributes": [],
          "private": "eyJlMmJmYjczMC1lY2FhLTExZTYtOGY4OC0zNDM2M2JjN2M0YzAiOnsiY3JlYXRlIjo2MDAwMDAwMDAwMDAsImRlbGV0ZSI6OTAwMDAwMDAwMDAwfSwic2NoZW1hX3ZlcnNpb24iOiIxIn0=",
          "dependencies": [
            "module.vpc.aws_vpc.main"
          ]
        }
      ]
    },
    {
      "module": "module.vpc",
      "mode": "managed",
      "type": "aws_subnet",
      "name": "private",
      "provider": "provider[\"registry.terraform.io/hashicorp/aws\"]",
      "instances": [
        {
          "index_key": 0,
          "schema_version": 1,
          "attributes": {
            "arn": "arn:aws:ec2:us-east-1:017820706788:subnet/subnet-03a35c6440ae6a1f1",
            "assign_ipv6_address_on_creation": false,
            "availability_zone": "us-east-1a",
            "availability_zone_id": "use1-az4",
            "cidr_block": "10.0.3.0/24",
            "customer_owned_ipv4_pool": "",
            "enable_dns64": false,
            "enable_lni_at_device_index": 0,
            "enable_resource_name_dns_a_record_on_launch": false,
            "enable_resource_name_dns_aaaa_record_on_launch": false,
            "id": "subnet-03a35c6440ae6a1f1",
            "ipv6_cidr_block": "",
            "ipv6_cidr_block_association_id": "",
            "ipv6_native": false,
            "map_customer_owned_ip_on_launch": false,
            "map_public_ip_on_launch": false,
            "outpost_arn": "",
            "owner_id": "017820706788",
            "private_dns_hostname_type_on_launch": "ip-name",
            "tags": {
              "Name": "private-subnet-0",
              "Project": "my-project",
              "kubernetes.io/cluster/my-eks-cluster": "shared",
              "kubernetes.io/role/internal-elb": "1"
            },
            "tags_all": {
              "Name": "private-subnet-0",
              "Project": "my-project",
              "kubernetes.io/cluster/my-eks-cluster": "shared",
              "kubernetes.io/role/internal-elb": "1"
            },
            "timeouts": null,
            "vpc_id": "vpc-02655caca5bc4feb2"
          },
          "sensitive_attributes": [],
          "private": "eyJlMmJmYjczMC1lY2FhLTExZTYtOGY4OC0zNDM2M2JjN2M0YzAiOnsiY3JlYXRlIjo2MDAwMDAwMDAwMDAsImRlbGV0ZSI6MTIwMDAwMDAwMDAwMH0sInNjaGVtYV92ZXJzaW9uIjoiMSJ9",
          "dependencies": [
            "module.vpc.aws_vpc.main"
          ]
        },
        {
          "index_key": 1,
          "schema_version": 1,
          "attributes": {
            "arn": "arn:aws:ec2:us-east-1:017820706788:subnet/subnet-0e61a81df643f3776",
            "assign_ipv6_address_on_creation": false,
            "availability_zone": "us-east-1b",
            "availability_zone_id": "use1-az6",
            "cidr_block": "10.0.4.0/24",
            "customer_owned_ipv4_pool": "",
            "enable_dns64": false,
            "enable_lni_at_device_index": 0,
            "enable_resource_name_dns_a_record_on_launch": false,
            "enable_resource_name_dns_aaaa_record_on_launch": false,
            "id": "subnet-0e61a81df643f3776",
            "ipv6_cidr_block": "",
            "ipv6_cidr_block_association_id": "",
            "ipv6_native": false,
            "map_customer_owned_ip_on_launch": false,
            "map_public_ip_on_launch": false,
            "outpost_arn": "",
            "owner_id": "017820706788",
            "private_dns_hostname_type_on_launch": "ip-name",
            "tags": {
              "Name": "private-subnet-1",
              "Project": "my-project",
              "kubernetes.io/cluster/my-eks-cluster": "shared",
              "kubernetes.io/role/internal-elb": "1"
            },
            "tags_all": {
              "Name": "private-subnet-1",
              "Project": "my-project",
              "kubernetes.io/cluster/my-eks-cluster": "shared",
              "kubernetes.io/role/internal-elb": "1"
            },
            "timeouts": null,
            "vpc_id": "vpc-02655caca5bc4feb2"
          },
          "sensitive_attributes": [],
          "private": "eyJlMmJmYjczMC1lY2FhLTExZTYtOGY4OC0zNDM2M2JjN2M0YzAiOnsiY3JlYXRlIjo2MDAwMDAwMDAwMDAsImRlbGV0ZSI6MTIwMDAwMDAwMDAwMH0sInNjaGVtYV92ZXJzaW9uIjoiMSJ9",
          "dependencies": [
            "module.vpc.aws_vpc.main"
          ]
        }
      ]
    },
    {
      "module": "module.vpc",
      "mode": "managed",
      "type": "aws_subnet",
      "name": "public",
      "provider": "provider[\"registry.terraform.io/hashicorp/aws\"]",
      "instances": [
        {
          "index_key": 0,
          "schema_version": 1,
          "attributes": {
            "arn": "arn:aws:ec2:us-east-1:017820706788:subnet/subnet-07b756807711b80ac",
            "assign_ipv6_address_on_creation": false,
            "availability_zone": "us-east-1a",
            "availability_zone_id": "use1-az4",
            "cidr_block": "10.0.1.0/24",
            "customer_owned_ipv4_pool": "",
            "enable_dns64": false,
            "enable_lni_at_device_index": 0,
            "enable_resource_name_dns_a_record_on_launch": false,
            "enable_resource_name_dns_aaaa_record_on_launch": false,
            "id": "subnet-07b756807711b80ac",
            "ipv6_cidr_block": "",
            "ipv6_cidr_block_association_id": "",
            "ipv6_native": false,
            "map_customer_owned_ip_on_launch": false,
            "map_public_ip_on_launch": true,
            "outpost_arn": "",
            "owner_id": "017820706788",
            "private_dns_hostname_type_on_launch": "ip-name",
            "tags": {
              "Name": "public-subnet-0",
              "Project": "my-project",
              "kubernetes.io/cluster/my-eks-cluster": "shared",
              "kubernetes.io/role/elb": "1"
            },
            "tags_all": {
              "Name": "public-subnet-0",
              "Project": "my-project",
              "kubernetes.io/cluster/my-eks-cluster": "shared",
              "kubernetes.io/role/elb": "1"
            },
            "timeouts": null,
            "vpc_id": "vpc-02655caca5bc4feb2"
          },
          "sensitive_attributes": [],
          "private": "eyJlMmJmYjczMC1lY2FhLTExZTYtOGY4OC0zNDM2M2JjN2M0YzAiOnsiY3JlYXRlIjo2MDAwMDAwMDAwMDAsImRlbGV0ZSI6MTIwMDAwMDAwMDAwMH0sInNjaGVtYV92ZXJzaW9uIjoiMSJ9",
          "dependencies": [
            "module.vpc.aws_vpc.main"
          ]
        },
        {
          "index_key": 1,
          "schema_version": 1,
          "attributes": {
            "arn": "arn:aws:ec2:us-east-1:017820706788:subnet/subnet-076695a7f3e35748c",
            "assign_ipv6_address_on_creation": false,
            "availability_zone": "us-east-1b",
            "availability_zone_id": "use1-az6",
            "cidr_block": "10.0.2.0/24",
            "customer_owned_ipv4_pool": "",
            "enable_dns64": false,
            "enable_lni_at_device_index": 0,
            "enable_resource_name_dns_a_record_on_launch": false,
            "enable_resource_name_dns_aaaa_record_on_launch": false,
            "id": "subnet-076695a7f3e35748c",
            "ipv6_cidr_block": "",
            "ipv6_cidr_block_association_id": "",
            "ipv6_native": false,
            "map_customer_owned_ip_on_launch": false,
            "map_public_ip_on_launch": true,
            "outpost_arn": "",
            "owner_id": "017820706788",
            "private_dns_hostname_type_on_launch": "ip-name",
            "tags": {
              "Name": "public-subnet-1",
              "Project": "my-project",
              "kubernetes.io/cluster/my-eks-cluster": "shared",
              "kubernetes.io/role/elb": "1"
            },
            "tags_all": {
              "Name": "public-subnet-1",
              "Project": "my-project",
              "kubernetes.io/cluster/my-eks-cluster": "shared",
              "kubernetes.io/role/elb": "1"
            },
            "timeouts": null,
            "vpc_id": "vpc-02655caca5bc4feb2"
          },
          "sensitive_attributes": [],
          "private": "eyJlMmJmYjczMC1lY2FhLTExZTYtOGY4OC0zNDM2M2JjN2M0YzAiOnsiY3JlYXRlIjo2MDAwMDAwMDAwMDAsImRlbGV0ZSI6MTIwMDAwMDAwMDAwMH0sInNjaGVtYV92ZXJzaW9uIjoiMSJ9",
          "dependencies": [
            "module.vpc.aws_vpc.main"
          ]
        }
      ]
    },
    {
      "module": "module.vpc",
      "mode": "managed",
      "type": "aws_vpc",
      "name": "main",
      "provider": "provider[\"registry.terraform.io/hashicorp/aws\"]",
      "instances": [
        {
          "schema_version": 1,
          "attributes": {
            "arn": "arn:aws:ec2:us-east-1:017820706788:vpc/vpc-02655caca5bc4feb2",
            "assign_generated_ipv6_cidr_block": false,
            "cidr_block": "10.0.0.0/16",
            "default_network_acl_id": "acl-0225255810d90e3aa",
            "default_route_table_id": "rtb-0dc7e0a3701649fb5",
            "default_security_group_id": "sg-0b28e550f79a14ce6",
            "dhcp_options_id": "dopt-0faa97b526bcf95c0",
            "enable_dns_hostnames": true,
            "enable_dns_support": true,
            "enable_network_address_usage_metrics": false,
            "id": "vpc-02655caca5bc4feb2",
            "instance_tenancy": "default",
            "ipv4_ipam_pool_id": null,
            "ipv4_netmask_length": null,
            "ipv6_association_id": "",
            "ipv6_cidr_block": "",
            "ipv6_cidr_block_network_border_group": "",
            "ipv6_ipam_pool_id": "",
            "ipv6_netmask_length": 0,
            "main_route_table_id": "rtb-0dc7e0a3701649fb5",
            "owner_id": "017820706788",
            "tags": {
              "Name": "my-vpc",
              "Project": "my-project"
            },
            "tags_all": {
              "Name": "my-vpc",
              "Project": "my-project"
            }
          },
          "sensitive_attributes": [],
          "private": "eyJzY2hlbWFfdmVyc2lvbiI6IjEifQ=="
        }
      ]
    }
  ],
  "check_results": null
}
